// !$*UTF8*$!
{
	archiveVersion = 1;
	classes = {
	};
	objectVersion = 46;
	objects = {

/* Begin PBXBuildFile section */
		01F3D6E89A45FA4062186DB7 /* QuickLookService.swift in Sources */ = {isa = PBXBuildFile; fileRef = D8D2E7F58F5B397B355A945F /* QuickLookService.swift */; };
		10E18412B5027BF7F112681B /* SortMenu.swift in Sources */ = {isa = PBXBuildFile; fileRef = 17581E89CBF9AE51682A35FC /* SortMenu.swift */; };
		127DA9968936E5207914F016 /* Cocoa.framework in Frameworks */ = {isa = PBXBuildFile; fileRef = 346404740A2D2EEAB5784C02 /* Cocoa.framework */; };
		158393A58EDE4D5EEADC401A /* TemplateService.swift in Sources */ = {isa = PBXBuildFile; fileRef = 3D61F146260B1B1B82EF7991 /* TemplateService.swift */; };
		1FDC029D1FED7F60F4BA50E1 /* TabBarView.swift in Sources */ = {isa = PBXBuildFile; fileRef = 790A5283161DBC99AA327B86 /* TabBarView.swift */; };
		25C27192F21CA533F62F410A /* TerminalService.swift in Sources */ = {isa = PBXBuildFile; fileRef = D634383853E4CC140CE26ED0 /* TerminalService.swift */; };
		26BB470CE27A154E07399A5F /* TransferDetailsView.swift in Sources */ = {isa = PBXBuildFile; fileRef = 651FE6A9E337D09823A75824 /* TransferDetailsView.swift */; };
		2818E5A0196F58A506D12DF7 /* BatchRenameView.swift in Sources */ = {isa = PBXBuildFile; fileRef = 3503F98824AD4732F12EF1EC /* BatchRenameView.swift */; };
		3052F8AB27BDFE1A42FA183A /* FinderSyncExtension.swift in Sources */ = {isa = PBXBuildFile; fileRef = 457D7E53381E5DA1D80F93BD /* FinderSyncExtension.swift */; };
		329E85777842CBE5E12EF3D4 /* ImagePreviewPane.swift in Sources */ = {isa = PBXBuildFile; fileRef = CFBDC14D0D4458C18FED7F9F /* ImagePreviewPane.swift */; };
		33AA3FB1E5E119704F2554FE /* Cocoa.framework in Frameworks */ = {isa = PBXBuildFile; fileRef = 346404740A2D2EEAB5784C02 /* Cocoa.framework */; };
		34ADDD44B6BACE65FEAC7C69 /* FileActionService.swift in Sources */ = {isa = PBXBuildFile; fileRef = 830192125793852BC91425E4 /* FileActionService.swift */; };
		4076651AC885C6565EC9F885 /* WindowService.swift in Sources */ = {isa = PBXBuildFile; fileRef = C888243CEAE64575D8B257C6 /* WindowService.swift */; };
		4B35B013C56B3D228659791C /* FolderSizeText.swift in Sources */ = {isa = PBXBuildFile; fileRef = 7479B72CFC17DD390F98511D /* FolderSizeText.swift */; };
		4BFE57C350C3FBDE2E4CC643 /* NuFinderApp.swift in Sources */ = {isa = PBXBuildFile; fileRef = 86C885EE57A50363802FCD0D /* NuFinderApp.swift */; };
		61B535713B7A413FCE0688EE /* FileMetadataService.swift in Sources */ = {isa = PBXBuildFile; fileRef = 69AE0B2707F696C023473E5D /* FileMetadataService.swift */; };
		6D652D051DC7B8F2CF6243BE /* DirectoryWatcher.swift in Sources */ = {isa = PBXBuildFile; fileRef = 9BAD9A22AB829089D7EF99C3 /* DirectoryWatcher.swift */; };
		7129CB41DBBC96CA59358BD2 /* SettingsView.swift in Sources */ = {isa = PBXBuildFile; fileRef = 9AB1023170ACDCA9DBFF8DCD /* SettingsView.swift */; };
		819A374D06E0AF9ACDA1838D /* GitStatusService.swift in Sources */ = {isa = PBXBuildFile; fileRef = EFEA4379F2E76F0968309B00 /* GitStatusService.swift */; };
		8B2939F47208438722E6B581 /* FileInfoView.swift in Sources */ = {isa = PBXBuildFile; fileRef = 34EB9CF346AD13BA786EE875 /* FileInfoView.swift */; };
		93475AD7D74CD815F01DB9D1 /* FileItem.swift in Sources */ = {isa = PBXBuildFile; fileRef = 6C1A6B54D5B2F0C5A4B0D751 /* FileItem.swift */; };
		96821FBC84F1E9F62118F59E /* FileOperationManager.swift in Sources */ = {isa = PBXBuildFile; fileRef = E6DF5211DC4BAA1E601FC322 /* FileOperationManager.swift */; };
		9DBED984EFE0DFBCCE6C2075 /* FreeloaderFinderSync.appex in Embed App Extensions */ = {isa = PBXBuildFile; fileRef = C534B0FE2A4D213840B88B5C /* FreeloaderFinderSync.appex */; };
		9E94AA2B27F0BDAC83AF92F9 /* GitStatusBadge.swift in Sources */ = {isa = PBXBuildFile; fileRef = EAD985255C2A4B73281C75DA /* GitStatusBadge.swift */; };
		9F3BE9ECFEB039E61097E63C /* MetadataEditorView.swift in Sources */ = {isa = PBXBuildFile; fileRef = B079110FA24E937324417007 /* MetadataEditorView.swift */; };
		A0F6F58813337897954F8175 /* AddressBarRow.swift in Sources */ = {isa = PBXBuildFile; fileRef = 633827D43D2901B939D7A6AB /* AddressBarRow.swift */; };
		A13A1086EBEF6958DEBDB23C /* ChunkedFileCopier.swift in Sources */ = {isa = PBXBuildFile; fileRef = AFCADF7AF330295A65604589 /* ChunkedFileCopier.swift */; };
		A24169995A9AD890E6036C8A /* AddressBarView.swift in Sources */ = {isa = PBXBuildFile; fileRef = DE108F12085B6A7CFC27DBAC /* AddressBarView.swift */; };
		A651878101A9DA9E63C70FD1 /* ContentView.swift in Sources */ = {isa = PBXBuildFile; fileRef = B0678F0A2BB37C0F8329D5FE /* ContentView.swift */; };
		A86975468A5C3C44C68C6E68 /* BrowserModel.swift in Sources */ = {isa = PBXBuildFile; fileRef = CE3CFC5C7FFB65079E827B22 /* BrowserModel.swift */; };
		C3E457840201581A13F709E0 /* OperationJournal.swift in Sources */ = {isa = PBXBuildFile; fileRef = 8B3C79B3067526D761A5F1EA /* OperationJournal.swift */; };
		C6A6E20D29B611EBC41AA8BA /* SidebarView.swift in Sources */ = {isa = PBXBuildFile; fileRef = 96D2420B257FBBDB9135CE2B /* SidebarView.swift */; };
		CE4762C0B38EC1415A730179 /* ArchiveService.swift in Sources */ = {isa = PBXBuildFile; fileRef = 5ABE9EA9F1D4DBDDDC078A71 /* ArchiveService.swift */; };
		CFAFC50CC2CE7B0CB6ADE38D /* CommandPaletteView.swift in Sources */ = {isa = PBXBuildFile; fileRef = 858CA11FB5C31F3545D77140 /* CommandPaletteView.swift */; };
		D0B88B95CFD81009578D9C0E /* SearchBarView.swift in Sources */ = {isa = PBXBuildFile; fileRef = 99D3DB0E9C3E808C34DA7FAE /* SearchBarView.swift */; };
		DA5E26BA70F4B6EB4B38C580 /* FileListView.swift in Sources */ = {isa = PBXBuildFile; fileRef = 7FC9FDEA7EC4EBAADE6F8FD8 /* FileListView.swift */; };
		DCC1E08B7223C30070E25A71 /* FinderSyncBridge.swift in Sources */ = {isa = PBXBuildFile; fileRef = ADCDE2A0F27852CFA8A84B94 /* FinderSyncBridge.swift */; };
		DE39DF6BE519BE3C6050FFD3 /* FolderSizeService.swift in Sources */ = {isa = PBXBuildFile; fileRef = 049C403ECB4009AF03ADC94F /* FolderSizeService.swift */; };
		E147FE77A0078D0D5A8C37E0 /* ThumbnailService.swift in Sources */ = {isa = PBXBuildFile; fileRef = 82837DB81136CAB2F3EEC281 /* ThumbnailService.swift */; };
		EEB3D1D66EB65620C6CC301A /* Assets.xcassets in Resources */ = {isa = PBXBuildFile; fileRef = 4496CF9BFBD49E3F2473148F /* Assets.xcassets */; };
		F390E091280E631E247FFA26 /* SpotlightSearchService.swift in Sources */ = {isa = PBXBuildFile; fileRef = 5764F87163B13B04E7332522 /* SpotlightSearchService.swift */; };
		F91CCD09B5BEA19FA7FA5626 /* FileThumbnailView.swift in Sources */ = {isa = PBXBuildFile; fileRef = D3B6FC2CEF19419293DE6B81 /* FileThumbnailView.swift */; };
		FDF41C79A2236A7CDA42892B /* BreadcrumbView.swift in Sources */ = {isa = PBXBuildFile; fileRef = 447AAC5BF5CF76ABB31FE0DD /* BreadcrumbView.swift */; };
/* End PBXBuildFile section */

/* Begin PBXContainerItemProxy section */
		79B2E769BE9A0207EC4B8F63 /* PBXContainerItemProxy */ = {
			isa = PBXContainerItemProxy;
			containerPortal = 3D50230669A467A872B3D9B7 /* Project object */;
			proxyType = 1;
			remoteGlobalIDString = 7076F64793B7C04962432C62;
			remoteInfo = FreeloaderFinderSync;
		};
/* End PBXContainerItemProxy section */

/* Begin PBXCopyFilesBuildPhase section */
		28C157236D60F5748A55075A /* Embed App Extensions */ = {
			isa = PBXCopyFilesBuildPhase;
			buildActionMask = 2147483647;
			dstPath = "";
			dstSubfolderSpec = 13;
			files = (
				9DBED984EFE0DFBCCE6C2075 /* FreeloaderFinderSync.appex in Embed App Extensions */,
			);
			name = "Embed App Extensions";
			runOnlyForDeploymentPostprocessing = 0;
		};
/* End PBXCopyFilesBuildPhase section */

/* Begin PBXFileReference section */
		049C403ECB4009AF03ADC94F /* FolderSizeService.swift */ = {isa = PBXFileReference; includeInIndex = 1; lastKnownFileType = sourcecode.swift; name = FolderSizeService.swift; path = Services/FolderSizeService.swift; sourceTree = "<group>"; };
		090497BE6789F31B54A1EB44 /* FinderSync-Info.plist */ = {isa = PBXFileReference; includeInIndex = 1; lastKnownFileType = text.plist.xml; path = "FinderSync-Info.plist"; sourceTree = "<group>"; };
		17581E89CBF9AE51682A35FC /* SortMenu.swift */ = {isa = PBXFileReference; includeInIndex = 1; lastKnownFileType = sourcecode.swift; name = SortMenu.swift; path = Views/SortMenu.swift; sourceTree = "<group>"; };
		346404740A2D2EEAB5784C02 /* Cocoa.framework */ = {isa = PBXFileReference; lastKnownFileType = wrapper.framework; name = Cocoa.framework; path = Platforms/MacOSX.platform/Developer/SDKs/MacOSX15.0.sdk/System/Library/Frameworks/Cocoa.framework; sourceTree = DEVELOPER_DIR; };
		34EB9CF346AD13BA786EE875 /* FileInfoView.swift */ = {isa = PBXFileReference; includeInIndex = 1; lastKnownFileType = sourcecode.swift; name = FileInfoView.swift; path = Views/FileInfoView.swift; sourceTree = "<group>"; };
		3503F98824AD4732F12EF1EC /* BatchRenameView.swift */ = {isa = PBXFileReference; includeInIndex = 1; lastKnownFileType = sourcecode.swift; name = BatchRenameView.swift; path = Views/BatchRenameView.swift; sourceTree = "<group>"; };
		3D61F146260B1B1B82EF7991 /* TemplateService.swift */ = {isa = PBXFileReference; includeInIndex = 1; lastKnownFileType = sourcecode.swift; name = TemplateService.swift; path = Services/TemplateService.swift; sourceTree = "<group>"; };
		447AAC5BF5CF76ABB31FE0DD /* BreadcrumbView.swift */ = {isa = PBXFileReference; includeInIndex = 1; lastKnownFileType = sourcecode.swift; name = BreadcrumbView.swift; path = Views/BreadcrumbView.swift; sourceTree = "<group>"; };
		4496CF9BFBD49E3F2473148F /* Assets.xcassets */ = {isa = PBXFileReference; includeInIndex = 1; lastKnownFileType = folder.assetcatalog; path = Assets.xcassets; sourceTree = "<group>"; };
		457D7E53381E5DA1D80F93BD /* FinderSyncExtension.swift */ = {isa = PBXFileReference; includeInIndex = 1; lastKnownFileType = sourcecode.swift; path = FinderSyncExtension.swift; sourceTree = "<group>"; };
		56E4F7D0BC031CF91F6E4893 /* Freeloader.app */ = {isa = PBXFileReference; explicitFileType = wrapper.application; includeInIndex = 0; path = Freeloader.app; sourceTree = BUILT_PRODUCTS_DIR; };
		5764F87163B13B04E7332522 /* SpotlightSearchService.swift */ = {isa = PBXFileReference; includeInIndex = 1; lastKnownFileType = sourcecode.swift; name = SpotlightSearchService.swift; path = Services/SpotlightSearchService.swift; sourceTree = "<group>"; };
		5ABE9EA9F1D4DBDDDC078A71 /* ArchiveService.swift */ = {isa = PBXFileReference; includeInIndex = 1; lastKnownFileType = sourcecode.swift; name = ArchiveService.swift; path = Services/ArchiveService.swift; sourceTree = "<group>"; };
		633827D43D2901B939D7A6AB /* AddressBarRow.swift */ = {isa = PBXFileReference; includeInIndex = 1; lastKnownFileType = sourcecode.swift; name = AddressBarRow.swift; path = Views/AddressBarRow.swift; sourceTree = "<group>"; };
		651FE6A9E337D09823A75824 /* TransferDetailsView.swift */ = {isa = PBXFileReference; includeInIndex = 1; lastKnownFileType = sourcecode.swift; name = TransferDetailsView.swift; path = Views/TransferDetailsView.swift; sourceTree = "<group>"; };
		69AE0B2707F696C023473E5D /* FileMetadataService.swift */ = {isa = PBXFileReference; includeInIndex = 1; lastKnownFileType = sourcecode.swift; name = FileMetadataService.swift; path = Services/FileMetadataService.swift; sourceTree = "<group>"; };
		6C1A6B54D5B2F0C5A4B0D751 /* FileItem.swift */ = {isa = PBXFileReference; includeInIndex = 1; lastKnownFileType = sourcecode.swift; name = FileItem.swift; path = Models/FileItem.swift; sourceTree = "<group>"; };
		7479B72CFC17DD390F98511D /* FolderSizeText.swift */ = {isa = PBXFileReference; includeInIndex = 1; lastKnownFileType = sourcecode.swift; name = FolderSizeText.swift; path = Views/FolderSizeText.swift; sourceTree = "<group>"; };
		790A5283161DBC99AA327B86 /* TabBarView.swift */ = {isa = PBXFileReference; includeInIndex = 1; lastKnownFileType = sourcecode.swift; name = TabBarView.swift; path = Views/TabBarView.swift; sourceTree = "<group>"; };
		7FC9FDEA7EC4EBAADE6F8FD8 /* FileListView.swift */ = {isa = PBXFileReference; includeInIndex = 1; lastKnownFileType = sourcecode.swift; name = FileListView.swift; path = Views/FileListView.swift; sourceTree = "<group>"; };
		82837DB81136CAB2F3EEC281 /* ThumbnailService.swift */ = {isa = PBXFileReference; includeInIndex = 1; lastKnownFileType = sourcecode.swift; name = ThumbnailService.swift; path = Services/ThumbnailService.swift; sourceTree = "<group>"; };
		830192125793852BC91425E4 /* FileActionService.swift */ = {isa = PBXFileReference; includeInIndex = 1; lastKnownFileType = sourcecode.swift; name = FileActionService.swift; path = Services/FileActionService.swift; sourceTree = "<group>"; };
		858CA11FB5C31F3545D77140 /* CommandPaletteView.swift */ = {isa = PBXFileReference; includeInIndex = 1; lastKnownFileType = sourcecode.swift; name = CommandPaletteView.swift; path = Views/CommandPaletteView.swift; sourceTree = "<group>"; };
		86C064E0B0EA3D00323884F5 /* FinderSync.entitlements */ = {isa = PBXFileReference; includeInIndex = 1; lastKnownFileType = text.plist.entitlements; path = FinderSync.entitlements; sourceTree = "<group>"; };
		86C885EE57A50363802FCD0D /* NuFinderApp.swift */ = {isa = PBXFileReference; includeInIndex = 1; lastKnownFileType = sourcecode.swift; path = NuFinderApp.swift; sourceTree = "<group>"; };
		8B3C79B3067526D761A5F1EA /* OperationJournal.swift */ = {isa = PBXFileReference; includeInIndex = 1; lastKnownFileType = sourcecode.swift; name = OperationJournal.swift; path = Services/OperationJournal.swift; sourceTree = "<group>"; };
		96D2420B257FBBDB9135CE2B /* SidebarView.swift */ = {isa = PBXFileReference; includeInIndex = 1; lastKnownFileType = sourcecode.swift; name = SidebarView.swift; path = Views/SidebarView.swift; sourceTree = "<group>"; };
		99D3DB0E9C3E808C34DA7FAE /* SearchBarView.swift */ = {isa = PBXFileReference; includeInIndex = 1; lastKnownFileType = sourcecode.swift; name = SearchBarView.swift; path = Views/SearchBarView.swift; sourceTree = "<group>"; };
		9AB1023170ACDCA9DBFF8DCD /* SettingsView.swift */ = {isa = PBXFileReference; includeInIndex = 1; lastKnownFileType = sourcecode.swift; name = SettingsView.swift; path = Views/SettingsView.swift; sourceTree = "<group>"; };
		9BAD9A22AB829089D7EF99C3 /* DirectoryWatcher.swift */ = {isa = PBXFileReference; includeInIndex = 1; lastKnownFileType = sourcecode.swift; name = DirectoryWatcher.swift; path = Services/DirectoryWatcher.swift; sourceTree = "<group>"; };
		ADCDE2A0F27852CFA8A84B94 /* FinderSyncBridge.swift */ = {isa = PBXFileReference; includeInIndex = 1; lastKnownFileType = sourcecode.swift; name = FinderSyncBridge.swift; path = Services/FinderSyncBridge.swift; sourceTree = "<group>"; };
		AFCADF7AF330295A65604589 /* ChunkedFileCopier.swift */ = {isa = PBXFileReference; includeInIndex = 1; lastKnownFileType = sourcecode.swift; name = ChunkedFileCopier.swift; path = Services/ChunkedFileCopier.swift; sourceTree = "<group>"; };
		B0678F0A2BB37C0F8329D5FE /* ContentView.swift */ = {isa = PBXFileReference; includeInIndex = 1; lastKnownFileType = sourcecode.swift; name = ContentView.swift; path = Views/ContentView.swift; sourceTree = "<group>"; };
		B079110FA24E937324417007 /* MetadataEditorView.swift */ = {isa = PBXFileReference; includeInIndex = 1; lastKnownFileType = sourcecode.swift; name = MetadataEditorView.swift; path = Views/MetadataEditorView.swift; sourceTree = "<group>"; };
		C534B0FE2A4D213840B88B5C /* FreeloaderFinderSync.appex */ = {isa = PBXFileReference; explicitFileType = "wrapper.app-extension"; includeInIndex = 0; path = FreeloaderFinderSync.appex; sourceTree = BUILT_PRODUCTS_DIR; };
		C888243CEAE64575D8B257C6 /* WindowService.swift */ = {isa = PBXFileReference; includeInIndex = 1; lastKnownFileType = sourcecode.swift; name = WindowService.swift; path = Services/WindowService.swift; sourceTree = "<group>"; };
		CE3CFC5C7FFB65079E827B22 /* BrowserModel.swift */ = {isa = PBXFileReference; includeInIndex = 1; lastKnownFileType = sourcecode.swift; name = BrowserModel.swift; path = Models/BrowserModel.swift; sourceTree = "<group>"; };
		CFBDC14D0D4458C18FED7F9F /* ImagePreviewPane.swift */ = {isa = PBXFileReference; includeInIndex = 1; lastKnownFileType = sourcecode.swift; name = ImagePreviewPane.swift; path = Views/ImagePreviewPane.swift; sourceTree = "<group>"; };
		D3B6FC2CEF19419293DE6B81 /* FileThumbnailView.swift */ = {isa = PBXFileReference; includeInIndex = 1; lastKnownFileType = sourcecode.swift; name = FileThumbnailView.swift; path = Views/FileThumbnailView.swift; sourceTree = "<group>"; };
		D634383853E4CC140CE26ED0 /* TerminalService.swift */ = {isa = PBXFileReference; includeInIndex = 1; lastKnownFileType = sourcecode.swift; name = TerminalService.swift; path = Services/TerminalService.swift; sourceTree = "<group>"; };
		D8D2E7F58F5B397B355A945F /* QuickLookService.swift */ = {isa = PBXFileReference; includeInIndex = 1; lastKnownFileType = sourcecode.swift; name = QuickLookService.swift; path = Services/QuickLookService.swift; sourceTree = "<group>"; };
		DE108F12085B6A7CFC27DBAC /* AddressBarView.swift */ = {isa = PBXFileReference; includeInIndex = 1; lastKnownFileType = sourcecode.swift; name = AddressBarView.swift; path = Views/AddressBarView.swift; sourceTree = "<group>"; };
		DEFF7E89A818449643F8FAA3 /* App-Info.plist */ = {isa = PBXFileReference; includeInIndex = 1; lastKnownFileType = text.plist.xml; path = "App-Info.plist"; sourceTree = "<group>"; };
		E0536B143AC6A2031ECE29A8 /* NuFinder.entitlements */ = {isa = PBXFileReference; includeInIndex = 1; lastKnownFileType = text.plist.entitlements; path = NuFinder.entitlements; sourceTree = "<group>"; };
		E6DF5211DC4BAA1E601FC322 /* FileOperationManager.swift */ = {isa = PBXFileReference; includeInIndex = 1; lastKnownFileType = sourcecode.swift; name = FileOperationManager.swift; path = Services/FileOperationManager.swift; sourceTree = "<group>"; };
		EAD985255C2A4B73281C75DA /* GitStatusBadge.swift */ = {isa = PBXFileReference; includeInIndex = 1; lastKnownFileType = sourcecode.swift; name = GitStatusBadge.swift; path = Views/GitStatusBadge.swift; sourceTree = "<group>"; };
		EFEA4379F2E76F0968309B00 /* GitStatusService.swift */ = {isa = PBXFileReference; includeInIndex = 1; lastKnownFileType = sourcecode.swift; name = GitStatusService.swift; path = Services/GitStatusService.swift; sourceTree = "<group>"; };
/* End PBXFileReference section */

/* Begin PBXFrameworksBuildPhase section */
		579A33CF293AE089E3B85724 /* Frameworks */ = {
			isa = PBXFrameworksBuildPhase;
			buildActionMask = 2147483647;
			files = (
				127DA9968936E5207914F016 /* Cocoa.framework in Frameworks */,
			);
			runOnlyForDeploymentPostprocessing = 0;
		};
		B5736030BA042C5A0B186185 /* Frameworks */ = {
			isa = PBXFrameworksBuildPhase;
			buildActionMask = 2147483647;
			files = (
				33AA3FB1E5E119704F2554FE /* Cocoa.framework in Frameworks */,
			);
			runOnlyForDeploymentPostprocessing = 0;
		};
/* End PBXFrameworksBuildPhase section */

/* Begin PBXGroup section */
		19BBE0034C394114F92BA56E /* Products */ = {
			isa = PBXGroup;
			children = (
				56E4F7D0BC031CF91F6E4893 /* Freeloader.app */,
				C534B0FE2A4D213840B88B5C /* FreeloaderFinderSync.appex */,
			);
			name = Products;
			sourceTree = "<group>";
		};
		5A478CCEBE17D267CE35CF2C /* FinderSyncExtension */ = {
			isa = PBXGroup;
			children = (
				457D7E53381E5DA1D80F93BD /* FinderSyncExtension.swift */,
			);
			name = FinderSyncExtension;
			path = FinderSyncExtension;
			sourceTree = "<group>";
		};
		7C8897BE05C06EE014231969 /* Config */ = {
			isa = PBXGroup;
			children = (
				DEFF7E89A818449643F8FAA3 /* App-Info.plist */,
				E0536B143AC6A2031ECE29A8 /* NuFinder.entitlements */,
				090497BE6789F31B54A1EB44 /* FinderSync-Info.plist */,
				86C064E0B0EA3D00323884F5 /* FinderSync.entitlements */,
			);
			name = Config;
			path = Config;
			sourceTree = "<group>";
		};
		BA08ADD2EFF98A5251B06A19 /* Assets */ = {
			isa = PBXGroup;
			children = (
				4496CF9BFBD49E3F2473148F /* Assets.xcassets */,
			);
			name = Assets;
			path = Assets;
			sourceTree = "<group>";
		};
		BD8BF7BD74CFD5BB6C984FB8 /* Sources */ = {
			isa = PBXGroup;
			children = (
				CE3CFC5C7FFB65079E827B22 /* BrowserModel.swift */,
				6C1A6B54D5B2F0C5A4B0D751 /* FileItem.swift */,
				86C885EE57A50363802FCD0D /* NuFinderApp.swift */,
				5ABE9EA9F1D4DBDDDC078A71 /* ArchiveService.swift */,
				AFCADF7AF330295A65604589 /* ChunkedFileCopier.swift */,
				9BAD9A22AB829089D7EF99C3 /* DirectoryWatcher.swift */,
				830192125793852BC91425E4 /* FileActionService.swift */,
				69AE0B2707F696C023473E5D /* FileMetadataService.swift */,
				E6DF5211DC4BAA1E601FC322 /* FileOperationManager.swift */,
				ADCDE2A0F27852CFA8A84B94 /* FinderSyncBridge.swift */,
				049C403ECB4009AF03ADC94F /* FolderSizeService.swift */,
				EFEA4379F2E76F0968309B00 /* GitStatusService.swift */,
				8B3C79B3067526D761A5F1EA /* OperationJournal.swift */,
				D8D2E7F58F5B397B355A945F /* QuickLookService.swift */,
				5764F87163B13B04E7332522 /* SpotlightSearchService.swift */,
				3D61F146260B1B1B82EF7991 /* TemplateService.swift */,
				D634383853E4CC140CE26ED0 /* TerminalService.swift */,
				82837DB81136CAB2F3EEC281 /* ThumbnailService.swift */,
				C888243CEAE64575D8B257C6 /* WindowService.swift */,
				633827D43D2901B939D7A6AB /* AddressBarRow.swift */,
				DE108F12085B6A7CFC27DBAC /* AddressBarView.swift */,
				3503F98824AD4732F12EF1EC /* BatchRenameView.swift */,
				447AAC5BF5CF76ABB31FE0DD /* BreadcrumbView.swift */,
				858CA11FB5C31F3545D77140 /* CommandPaletteView.swift */,
				B0678F0A2BB37C0F8329D5FE /* ContentView.swift */,
				34EB9CF346AD13BA786EE875 /* FileInfoView.swift */,
				7FC9FDEA7EC4EBAADE6F8FD8 /* FileListView.swift */,
				D3B6FC2CEF19419293DE6B81 /* FileThumbnailView.swift */,
				7479B72CFC17DD390F98511D /* FolderSizeText.swift */,
				EAD985255C2A4B73281C75DA /* GitStatusBadge.swift */,
				CFBDC14D0D4458C18FED7F9F /* ImagePreviewPane.swift */,
				B079110FA24E937324417007 /* MetadataEditorView.swift */,
				99D3DB0E9C3E808C34DA7FAE /* SearchBarView.swift */,
				9AB1023170ACDCA9DBFF8DCD /* SettingsView.swift */,
				96D2420B257FBBDB9135CE2B /* SidebarView.swift */,
				17581E89CBF9AE51682A35FC /* SortMenu.swift */,
				790A5283161DBC99AA327B86 /* TabBarView.swift */,
				651FE6A9E337D09823A75824 /* TransferDetailsView.swift */,
			);
			name = Sources;
			path = Sources/NuFinder;
			sourceTree = "<group>";
		};
		C0013EF9A1CCDFD376843E7B /* Frameworks */ = {
			isa = PBXGroup;
			children = (
				C0A44C580E7629D4849C4C5C /* OS X */,
			);
			name = Frameworks;
			sourceTree = "<group>";
		};
		C0A44C580E7629D4849C4C5C /* OS X */ = {
			isa = PBXGroup;
			children = (
				346404740A2D2EEAB5784C02 /* Cocoa.framework */,
			);
			name = "OS X";
			sourceTree = "<group>";
		};
		D8C75E210D598010BC215353 = {
			isa = PBXGroup;
			children = (
				19BBE0034C394114F92BA56E /* Products */,
				C0013EF9A1CCDFD376843E7B /* Frameworks */,
				BD8BF7BD74CFD5BB6C984FB8 /* Sources */,
				5A478CCEBE17D267CE35CF2C /* FinderSyncExtension */,
				7C8897BE05C06EE014231969 /* Config */,
				BA08ADD2EFF98A5251B06A19 /* Assets */,
			);
			sourceTree = "<group>";
		};
/* End PBXGroup section */

/* Begin PBXNativeTarget section */
		0105CD8D46DC77B02F4F31DA /* Freeloader */ = {
			isa = PBXNativeTarget;
			buildConfigurationList = 07B7699D1D1E65B4D2408266 /* Build configuration list for PBXNativeTarget "Freeloader" */;
			buildPhases = (
				7DFD9771393CE9DFE3798F3B /* Sources */,
				B5736030BA042C5A0B186185 /* Frameworks */,
				A991FD3EEE54BEB8A2C07B57 /* Resources */,
				28C157236D60F5748A55075A /* Embed App Extensions */,
			);
			buildRules = (
			);
			dependencies = (
				58BBD5D29AF1722281691D0C /* PBXTargetDependency */,
			);
			name = Freeloader;
			productName = Freeloader;
			productReference = 56E4F7D0BC031CF91F6E4893 /* Freeloader.app */;
			productType = "com.apple.product-type.application";
		};
		7076F64793B7C04962432C62 /* FreeloaderFinderSync */ = {
			isa = PBXNativeTarget;
			buildConfigurationList = 0441362AEACFECE1C4B61C6F /* Build configuration list for PBXNativeTarget "FreeloaderFinderSync" */;
			buildPhases = (
				58E6045F751D20C62F5CE91C /* Sources */,
				579A33CF293AE089E3B85724 /* Frameworks */,
				6F12D3854B68759DFA8B11D1 /* Resources */,
			);
			buildRules = (
			);
			dependencies = (
			);
			name = FreeloaderFinderSync;
			productName = FreeloaderFinderSync;
			productReference = C534B0FE2A4D213840B88B5C /* FreeloaderFinderSync.appex */;
			productType = "com.apple.product-type.app-extension";
		};
/* End PBXNativeTarget section */

/* Begin PBXProject section */
		3D50230669A467A872B3D9B7 /* Project object */ = {
			isa = PBXProject;
			attributes = {
				LastSwiftUpdateCheck = 1600;
				LastUpgradeCheck = 1600;
			};
			buildConfigurationList = B7541451EB2E569D461C1D60 /* Build configuration list for PBXProject "Freeloader" */;
			compatibilityVersion = "Xcode 3.2";
			developmentRegion = en;
			hasScannedForEncodings = 0;
			knownRegions = (
				en,
				Base,
			);
			mainGroup = D8C75E210D598010BC215353;
			minimizedProjectReferenceProxies = 0;
			preferredProjectObjectVersion = 77;
			productRefGroup = 19BBE0034C394114F92BA56E /* Products */;
			projectDirPath = "";
			projectRoot = "";
			targets = (
				0105CD8D46DC77B02F4F31DA /* Freeloader */,
				7076F64793B7C04962432C62 /* FreeloaderFinderSync */,
			);
		};
/* End PBXProject section */

/* Begin PBXResourcesBuildPhase section */
		6F12D3854B68759DFA8B11D1 /* Resources */ = {
			isa = PBXResourcesBuildPhase;
			buildActionMask = 2147483647;
			files = (
			);
			runOnlyForDeploymentPostprocessing = 0;
		};
		A991FD3EEE54BEB8A2C07B57 /* Resources */ = {
			isa = PBXResourcesBuildPhase;
			buildActionMask = 2147483647;
			files = (
				EEB3D1D66EB65620C6CC301A /* Assets.xcassets in Resources */,
			);
			runOnlyForDeploymentPostprocessing = 0;
		};
/* End PBXResourcesBuildPhase section */

/* Begin PBXSourcesBuildPhase section */
		58E6045F751D20C62F5CE91C /* Sources */ = {
			isa = PBXSourcesBuildPhase;
			buildActionMask = 2147483647;
			files = (
				3052F8AB27BDFE1A42FA183A /* FinderSyncExtension.swift in Sources */,
			);
			runOnlyForDeploymentPostprocessing = 0;
		};
		7DFD9771393CE9DFE3798F3B /* Sources */ = {
			isa = PBXSourcesBuildPhase;
			buildActionMask = 2147483647;
			files = (
				A86975468A5C3C44C68C6E68 /* BrowserModel.swift in Sources */,
				93475AD7D74CD815F01DB9D1 /* FileItem.swift in Sources */,
				4BFE57C350C3FBDE2E4CC643 /* NuFinderApp.swift in Sources */,
				CE4762C0B38EC1415A730179 /* ArchiveService.swift in Sources */,
				A13A1086EBEF6958DEBDB23C /* ChunkedFileCopier.swift in Sources */,
				6D652D051DC7B8F2CF6243BE /* DirectoryWatcher.swift in Sources */,
				34ADDD44B6BACE65FEAC7C69 /* FileActionService.swift in Sources */,
				61B535713B7A413FCE0688EE /* FileMetadataService.swift in Sources */,
				96821FBC84F1E9F62118F59E /* FileOperationManager.swift in Sources */,
				DCC1E08B7223C30070E25A71 /* FinderSyncBridge.swift in Sources */,
				DE39DF6BE519BE3C6050FFD3 /* FolderSizeService.swift in Sources */,
				819A374D06E0AF9ACDA1838D /* GitStatusService.swift in Sources */,
				C3E457840201581A13F709E0 /* OperationJournal.swift in Sources */,
				01F3D6E89A45FA4062186DB7 /* QuickLookService.swift in Sources */,
				F390E091280E631E247FFA26 /* SpotlightSearchService.swift in Sources */,
				158393A58EDE4D5EEADC401A /* TemplateService.swift in Sources */,
				25C27192F21CA533F62F410A /* TerminalService.swift in Sources */,
				E147FE77A0078D0D5A8C37E0 /* ThumbnailService.swift in Sources */,
				4076651AC885C6565EC9F885 /* WindowService.swift in Sources */,
				A0F6F58813337897954F8175 /* AddressBarRow.swift in Sources */,
				A24169995A9AD890E6036C8A /* AddressBarView.swift in Sources */,
				2818E5A0196F58A506D12DF7 /* BatchRenameView.swift in Sources */,
				FDF41C79A2236A7CDA42892B /* BreadcrumbView.swift in Sources */,
				CFAFC50CC2CE7B0CB6ADE38D /* CommandPaletteView.swift in Sources */,
				A651878101A9DA9E63C70FD1 /* ContentView.swift in Sources */,
				8B2939F47208438722E6B581 /* FileInfoView.swift in Sources */,
				DA5E26BA70F4B6EB4B38C580 /* FileListView.swift in Sources */,
				F91CCD09B5BEA19FA7FA5626 /* FileThumbnailView.swift in Sources */,
				4B35B013C56B3D228659791C /* FolderSizeText.swift in Sources */,
				9E94AA2B27F0BDAC83AF92F9 /* GitStatusBadge.swift in Sources */,
				329E85777842CBE5E12EF3D4 /* ImagePreviewPane.swift in Sources */,
				9F3BE9ECFEB039E61097E63C /* MetadataEditorView.swift in Sources */,
				D0B88B95CFD81009578D9C0E /* SearchBarView.swift in Sources */,
				7129CB41DBBC96CA59358BD2 /* SettingsView.swift in Sources */,
				C6A6E20D29B611EBC41AA8BA /* SidebarView.swift in Sources */,
				10E18412B5027BF7F112681B /* SortMenu.swift in Sources */,
				1FDC029D1FED7F60F4BA50E1 /* TabBarView.swift in Sources */,
				26BB470CE27A154E07399A5F /* TransferDetailsView.swift in Sources */,
			);
			runOnlyForDeploymentPostprocessing = 0;
		};
/* End PBXSourcesBuildPhase section */

/* Begin PBXTargetDependency section */
		58BBD5D29AF1722281691D0C /* PBXTargetDependency */ = {
			isa = PBXTargetDependency;
			name = FreeloaderFinderSync;
			target = 7076F64793B7C04962432C62 /* FreeloaderFinderSync */;
			targetProxy = 79B2E769BE9A0207EC4B8F63 /* PBXContainerItemProxy */;
		};
/* End PBXTargetDependency section */

/* Begin XCBuildConfiguration section */
		035F77E6CE92F09057142CBA /* Release */ = {
			isa = XCBuildConfiguration;
			buildSettings = {
				ALWAYS_SEARCH_USER_PATHS = NO;
				CLANG_ANALYZER_NONNULL = YES;
				CLANG_ANALYZER_NUMBER_OBJECT_CONVERSION = YES_AGGRESSIVE;
				CLANG_CXX_LANGUAGE_STANDARD = "gnu++14";
				CLANG_CXX_LIBRARY = "libc++";
				CLANG_ENABLE_MODULES = YES;
				CLANG_ENABLE_OBJC_ARC = YES;
				CLANG_ENABLE_OBJC_WEAK = YES;
				CLANG_WARN_BLOCK_CAPTURE_AUTORELEASING = YES;
				CLANG_WARN_BOOL_CONVERSION = YES;
				CLANG_WARN_COMMA = YES;
				CLANG_WARN_CONSTANT_CONVERSION = YES;
				CLANG_WARN_DEPRECATED_OBJC_IMPLEMENTATIONS = YES;
				CLANG_WARN_DIRECT_OBJC_ISA_USAGE = YES_ERROR;
				CLANG_WARN_DOCUMENTATION_COMMENTS = YES;
				CLANG_WARN_EMPTY_BODY = YES;
				CLANG_WARN_ENUM_CONVERSION = YES;
				CLANG_WARN_INFINITE_RECURSION = YES;
				CLANG_WARN_INT_CONVERSION = YES;
				CLANG_WARN_NON_LITERAL_NULL_CONVERSION = YES;
				CLANG_WARN_OBJC_IMPLICIT_RETAIN_SELF = YES;
				CLANG_WARN_OBJC_LITERAL_CONVERSION = YES;
				CLANG_WARN_OBJC_ROOT_CLASS = YES_ERROR;
				CLANG_WARN_QUOTED_INCLUDE_IN_FRAMEWORK_HEADER = YES;
				CLANG_WARN_RANGE_LOOP_ANALYSIS = YES;
				CLANG_WARN_STRICT_PROTOTYPES = YES;
				CLANG_WARN_SUSPICIOUS_MOVE = YES;
				CLANG_WARN_UNGUARDED_AVAILABILITY = YES_AGGRESSIVE;
				CLANG_WARN_UNREACHABLE_CODE = YES;
				CLANG_WARN__DUPLICATE_METHOD_MATCH = YES;
				COPY_PHASE_STRIP = NO;
				DEBUG_INFORMATION_FORMAT = "dwarf-with-dsym";
				ENABLE_NS_ASSERTIONS = NO;
				ENABLE_STRICT_OBJC_MSGSEND = YES;
				GCC_C_LANGUAGE_STANDARD = gnu11;
				GCC_NO_COMMON_BLOCKS = YES;
				GCC_WARN_64_TO_32_BIT_CONVERSION = YES;
				GCC_WARN_ABOUT_RETURN_TYPE = YES_ERROR;
				GCC_WARN_UNDECLARED_SELECTOR = YES;
				GCC_WARN_UNINITIALIZED_AUTOS = YES_AGGRESSIVE;
				GCC_WARN_UNUSED_FUNCTION = YES;
				GCC_WARN_UNUSED_VARIABLE = YES;
				MTL_ENABLE_DEBUG_INFO = NO;
				MTL_FAST_MATH = YES;
				PRODUCT_NAME = "$(TARGET_NAME)";
				SWIFT_COMPILATION_MODE = wholemodule;
				SWIFT_OPTIMIZATION_LEVEL = "-O";
				SWIFT_VERSION = 5.0;
			};
			name = Release;
		};
		68DCA4400A55726A5B195994 /* Release */ = {
			isa = XCBuildConfiguration;
			buildSettings = {
				CODE_SIGN_ENTITLEMENTS = Config/FinderSync.entitlements;
				CODE_SIGN_STYLE = Automatic;
				DEVELOPMENT_TEAM = FLJNW3455S;
				ENABLE_HARDENED_RUNTIME = YES;
				INFOPLIST_FILE = "Config/FinderSync-Info.plist";
				MACOSX_DEPLOYMENT_TARGET = 15.0;
				PRODUCT_BUNDLE_IDENTIFIER = com.miguelrodriguez.NuFinder.FinderSync;
				PRODUCT_NAME = FreeloaderFinderSync;
				SDKROOT = macosx;
				SKIP_INSTALL = YES;
				SWIFT_VERSION = 6.0;
			};
			name = Release;
		};
		7FCADD06AFEA3235591C8589 /* Debug */ = {
			isa = XCBuildConfiguration;
			buildSettings = {
				ASSETCATALOG_COMPILER_APPICON_NAME = AppIcon;
				ASSETCATALOG_COMPILER_GLOBAL_ACCENT_COLOR_NAME = AccentColor;
				CODE_SIGN_ENTITLEMENTS = Config/NuFinder.entitlements;
				CODE_SIGN_STYLE = Automatic;
				COMBINE_HIDPI_IMAGES = YES;
				DEVELOPMENT_TEAM = FLJNW3455S;
				ENABLE_HARDENED_RUNTIME = YES;
				INFOPLIST_FILE = "Config/App-Info.plist";
				LD_RUNPATH_SEARCH_PATHS = "$(inherited) @executable_path/../Frameworks";
				MACOSX_DEPLOYMENT_TARGET = 15.0;
				PRODUCT_BUNDLE_IDENTIFIER = com.miguelrodriguez.NuFinder;
				PRODUCT_NAME = Freeloader;
				SDKROOT = macosx;
				SWIFT_VERSION = 6.0;
			};
			name = Debug;
		};
		B09BA45F67A3FAD38B47B14B /* Debug */ = {
			isa = XCBuildConfiguration;
			buildSettings = {
				CODE_SIGN_ENTITLEMENTS = Config/FinderSync.entitlements;
				CODE_SIGN_STYLE = Automatic;
				DEVELOPMENT_TEAM = FLJNW3455S;
				ENABLE_HARDENED_RUNTIME = YES;
				INFOPLIST_FILE = "Config/FinderSync-Info.plist";
				MACOSX_DEPLOYMENT_TARGET = 15.0;
				PRODUCT_BUNDLE_IDENTIFIER = com.miguelrodriguez.NuFinder.FinderSync;
				PRODUCT_NAME = FreeloaderFinderSync;
				SDKROOT = macosx;
				SKIP_INSTALL = YES;
				SWIFT_VERSION = 6.0;
			};
			name = Debug;
		};
		F8E3915C36619E86C144BBB3 /* Debug */ = {
			isa = XCBuildConfiguration;
			buildSettings = {
				ALWAYS_SEARCH_USER_PATHS = NO;
				CLANG_ANALYZER_NONNULL = YES;
				CLANG_ANALYZER_NUMBER_OBJECT_CONVERSION = YES_AGGRESSIVE;
				CLANG_CXX_LANGUAGE_STANDARD = "gnu++14";
				CLANG_CXX_LIBRARY = "libc++";
				CLANG_ENABLE_MODULES = YES;
				CLANG_ENABLE_OBJC_ARC = YES;
				CLANG_ENABLE_OBJC_WEAK = YES;
				CLANG_WARN_BLOCK_CAPTURE_AUTORELEASING = YES;
				CLANG_WARN_BOOL_CONVERSION = YES;
				CLANG_WARN_COMMA = YES;
				CLANG_WARN_CONSTANT_CONVERSION = YES;
				CLANG_WARN_DEPRECATED_OBJC_IMPLEMENTATIONS = YES;
				CLANG_WARN_DIRECT_OBJC_ISA_USAGE = YES_ERROR;
				CLANG_WARN_DOCUMENTATION_COMMENTS = YES;
				CLANG_WARN_EMPTY_BODY = YES;
				CLANG_WARN_ENUM_CONVERSION = YES;
				CLANG_WARN_INFINITE_RECURSION = YES;
				CLANG_WARN_INT_CONVERSION = YES;
				CLANG_WARN_NON_LITERAL_NULL_CONVERSION = YES;
				CLANG_WARN_OBJC_IMPLICIT_RETAIN_SELF = YES;
				CLANG_WARN_OBJC_LITERAL_CONVERSION = YES;
				CLANG_WARN_OBJC_ROOT_CLASS = YES_ERROR;
				CLANG_WARN_QUOTED_INCLUDE_IN_FRAMEWORK_HEADER = YES;
				CLANG_WARN_RANGE_LOOP_ANALYSIS = YES;
				CLANG_WARN_STRICT_PROTOTYPES = YES;
				CLANG_WARN_SUSPICIOUS_MOVE = YES;
				CLANG_WARN_UNGUARDED_AVAILABILITY = YES_AGGRESSIVE;
				CLANG_WARN_UNREACHABLE_CODE = YES;
				CLANG_WARN__DUPLICATE_METHOD_MATCH = YES;
				COPY_PHASE_STRIP = NO;
				DEBUG_INFORMATION_FORMAT = dwarf;
				ENABLE_STRICT_OBJC_MSGSEND = YES;
				ENABLE_TESTABILITY = YES;
				GCC_C_LANGUAGE_STANDARD = gnu11;
				GCC_DYNAMIC_NO_PIC = NO;
				GCC_NO_COMMON_BLOCKS = YES;
				GCC_OPTIMIZATION_LEVEL = 0;
				GCC_PREPROCESSOR_DEFINITIONS = (
					"DEBUG=1",
					"$(inherited)",
				);
				GCC_WARN_64_TO_32_BIT_CONVERSION = YES;
				GCC_WARN_ABOUT_RETURN_TYPE = YES_ERROR;
				GCC_WARN_UNDECLARED_SELECTOR = YES;
				GCC_WARN_UNINITIALIZED_AUTOS = YES_AGGRESSIVE;
				GCC_WARN_UNUSED_FUNCTION = YES;
				GCC_WARN_UNUSED_VARIABLE = YES;
				MTL_ENABLE_DEBUG_INFO = INCLUDE_SOURCE;
				MTL_FAST_MATH = YES;
				ONLY_ACTIVE_ARCH = YES;
				PRODUCT_NAME = "$(TARGET_NAME)";
				SWIFT_ACTIVE_COMPILATION_CONDITIONS = DEBUG;
				SWIFT_OPTIMIZATION_LEVEL = "-Onone";
				SWIFT_VERSION = 5.0;
			};
			name = Debug;
		};
		FFB1E65069886AB635742266 /* Release */ = {
			isa = XCBuildConfiguration;
			buildSettings = {
				ASSETCATALOG_COMPILER_APPICON_NAME = AppIcon;
				ASSETCATALOG_COMPILER_GLOBAL_ACCENT_COLOR_NAME = AccentColor;
				CODE_SIGN_ENTITLEMENTS = Config/NuFinder.entitlements;
				CODE_SIGN_STYLE = Automatic;
				COMBINE_HIDPI_IMAGES = YES;
				DEVELOPMENT_TEAM = FLJNW3455S;
				ENABLE_HARDENED_RUNTIME = YES;
				INFOPLIST_FILE = "Config/App-Info.plist";
				LD_RUNPATH_SEARCH_PATHS = "$(inherited) @executable_path/../Frameworks";
				MACOSX_DEPLOYMENT_TARGET = 15.0;
				PRODUCT_BUNDLE_IDENTIFIER = com.miguelrodriguez.NuFinder;
				PRODUCT_NAME = Freeloader;
				SDKROOT = macosx;
				SWIFT_VERSION = 6.0;
			};
			name = Release;
		};
/* End XCBuildConfiguration section */

/* Begin XCConfigurationList section */
		0441362AEACFECE1C4B61C6F /* Build configuration list for PBXNativeTarget "FreeloaderFinderSync" */ = {
			isa = XCConfigurationList;
			buildConfigurations = (
				68DCA4400A55726A5B195994 /* Release */,
				B09BA45F67A3FAD38B47B14B /* Debug */,
			);
			defaultConfigurationIsVisible = 0;
			defaultConfigurationName = Release;
		};
		07B7699D1D1E65B4D2408266 /* Build configuration list for PBXNativeTarget "Freeloader" */ = {
			isa = XCConfigurationList;
			buildConfigurations = (
				FFB1E65069886AB635742266 /* Release */,
				7FCADD06AFEA3235591C8589 /* Debug */,
			);
			defaultConfigurationIsVisible = 0;
			defaultConfigurationName = Release;
		};
		B7541451EB2E569D461C1D60 /* Build configuration list for PBXProject "Freeloader" */ = {
			isa = XCConfigurationList;
			buildConfigurations = (
				F8E3915C36619E86C144BBB3 /* Debug */,
				035F77E6CE92F09057142CBA /* Release */,
			);
			defaultConfigurationIsVisible = 0;
			defaultConfigurationName = Release;
		};
/* End XCConfigurationList section */
	};
	rootObject = 3D50230669A467A872B3D9B7 /* Project object */;
}
