// !$*UTF8*$!
{
	archiveVersion = 1;
	classes = {
	};
	objectVersion = 46;
	objects = {

/* Begin PBXBuildFile section */
		04896F8E4E8A66ED8A6520F3 /* FileListView.swift in Sources */ = {isa = PBXBuildFile; fileRef = F0C5118F9E10ED9D75B9E8CB /* FileListView.swift */; };
		0B06267E529DBF79C21E6100 /* NuFinderApp.swift in Sources */ = {isa = PBXBuildFile; fileRef = 33135F0B67B25DB15B9BCFDC /* NuFinderApp.swift */; };
		126919414BA288FB7203AB7D /* BreadcrumbView.swift in Sources */ = {isa = PBXBuildFile; fileRef = A5FBE68A3C3DE47BA804F78A /* BreadcrumbView.swift */; };
		13043FF1445922C5346B7731 /* Cocoa.framework in Frameworks */ = {isa = PBXBuildFile; fileRef = E3E97262B582A3F9F7A96561 /* Cocoa.framework */; };
		17AA25D4F8B20CE5D0DE8373 /* FreeloaderFinderSync.appex in Embed App Extensions */ = {isa = PBXBuildFile; fileRef = D94AEE8FC2C7A5B30E83FD8D /* FreeloaderFinderSync.appex */; };
		207054C159F8A40E9D6B12CA /* TerminalService.swift in Sources */ = {isa = PBXBuildFile; fileRef = 939A45FC53D39F695657106F /* TerminalService.swift */; };
		2D3B5B36751E9D8E5789E7B0 /* WindowService.swift in Sources */ = {isa = PBXBuildFile; fileRef = D90C4F4A5C58CD9E9CCF7FEE /* WindowService.swift */; };
		328AF1BB15B388E12010B13B /* Assets.xcassets in Resources */ = {isa = PBXBuildFile; fileRef = 96598B1ABACD5077E64BC938 /* Assets.xcassets */; };
		3315FA7B2B62A71D0954C1B2 /* FileOperationManager.swift in Sources */ = {isa = PBXBuildFile; fileRef = 8D9B3CD4A8E76339AFC0A70B /* FileOperationManager.swift */; };
		425FF556D33652033502BFD7 /* SidebarView.swift in Sources */ = {isa = PBXBuildFile; fileRef = EC8E9CB53FFC28690E3A6195 /* SidebarView.swift */; };
		4C9BF7408DD18E7262BD1A3F /* FileMetadataService.swift in Sources */ = {isa = PBXBuildFile; fileRef = FF284D7F4EFF33F98A8EF37A /* FileMetadataService.swift */; };
		52E8340A1DDA05508B52F7E1 /* TabBarView.swift in Sources */ = {isa = PBXBuildFile; fileRef = 4F0906C595EF861439BF56BD /* TabBarView.swift */; };
		61FCCEF59EAD76C97C11D010 /* AddressBarRow.swift in Sources */ = {isa = PBXBuildFile; fileRef = 108917BDE4ACF16A8BC3F4E2 /* AddressBarRow.swift */; };
		650AF476C8A94B7C6173C7DF /* SpotlightSearchService.swift in Sources */ = {isa = PBXBuildFile; fileRef = EF460775FE068D10C606779E /* SpotlightSearchService.swift */; };
		6D96B252E842EB4EB81DEBAC /* MetadataEditorView.swift in Sources */ = {isa = PBXBuildFile; fileRef = 2AFC3BD3A1FAD74E484588E8 /* MetadataEditorView.swift */; };
		968BB42C1B7CCAF41BBCF7E1 /* ContentView.swift in Sources */ = {isa = PBXBuildFile; fileRef = E6EE187D50288D71440A37E4 /* ContentView.swift */; };
		9CA05F2055FB8D8A3F1EFA8F /* ChunkedFileCopier.swift in Sources */ = {isa = PBXBuildFile; fileRef = C0E0D4D4BAF849523AC3920D /* ChunkedFileCopier.swift */; };
		A0071397C78A9AFB508538B3 /* DirectoryWatcher.swift in Sources */ = {isa = PBXBuildFile; fileRef = E095478F771C916B1279824F /* DirectoryWatcher.swift */; };
		A768ADA91DE8800DF7E50E85 /* SortMenu.swift in Sources */ = {isa = PBXBuildFile; fileRef = 4870E456C657B820DCA0C938 /* SortMenu.swift */; };
		B4FBC6B21EF7CF7B9570AE2F /* SearchBarView.swift in Sources */ = {isa = PBXBuildFile; fileRef = D37DCD606038DC9429CD48C3 /* SearchBarView.swift */; };
		C676C5DB3C4426A89BC89CD9 /* BrowserModel.swift in Sources */ = {isa = PBXBuildFile; fileRef = 3DD8C3DFCD508439EE9CE62A /* BrowserModel.swift */; };
		C88D2D1593845441566B6A31 /* FileInfoView.swift in Sources */ = {isa = PBXBuildFile; fileRef = B8E912C00F58A76D697BCD84 /* FileInfoView.swift */; };
		C8F19EAA312BA5F316A2CF69 /* FinderSyncExtension.swift in Sources */ = {isa = PBXBuildFile; fileRef = B3D2553FA71B9BE58A77ADAF /* FinderSyncExtension.swift */; };
		C96258699339A2B779AD450E /* QuickLookService.swift in Sources */ = {isa = PBXBuildFile; fileRef = D7173601B83B7F327DE21DC3 /* QuickLookService.swift */; };
		CD7E8FE464739BF313488D3C /* FinderSyncBridge.swift in Sources */ = {isa = PBXBuildFile; fileRef = C4212FC1390F2455BA2C54D7 /* FinderSyncBridge.swift */; };
		DCC1E21FAB9EA9C95F57C8F9 /* TransferDetailsView.swift in Sources */ = {isa = PBXBuildFile; fileRef = 05E172E7BBDC2B65B3BDC37E /* TransferDetailsView.swift */; };
		DD2E9907F6E7E4D489572A2E /* Cocoa.framework in Frameworks */ = {isa = PBXBuildFile; fileRef = E3E97262B582A3F9F7A96561 /* Cocoa.framework */; };
		E49C62E8B19C295FE63DE965 /* OperationJournal.swift in Sources */ = {isa = PBXBuildFile; fileRef = 1036F70F7326F838CB71F9EB /* OperationJournal.swift */; };
		E72EC4BE672502068469E24D /* SettingsView.swift in Sources */ = {isa = PBXBuildFile; fileRef = 442E9B762C837E176B387CC5 /* SettingsView.swift */; };
		ED79F06887728F38804448BF /* AddressBarView.swift in Sources */ = {isa = PBXBuildFile; fileRef = 11678C9C9947485B4B6AF3A6 /* AddressBarView.swift */; };
		F1B9ECA713FE90FC54AB6C9C /* FileActionService.swift in Sources */ = {isa = PBXBuildFile; fileRef = 399294F5726014C856D64C18 /* FileActionService.swift */; };
		F88792D7F448CD9A3E3806B1 /* FileItem.swift in Sources */ = {isa = PBXBuildFile; fileRef = 32126F5DF570533E226040C3 /* FileItem.swift */; };
/* End PBXBuildFile section */

/* Begin PBXContainerItemProxy section */
		CF3E49D0584007C1DB4EBF7F /* PBXContainerItemProxy */ = {
			isa = PBXContainerItemProxy;
			containerPortal = 618F9F5883C47D74CA66AD4E /* Project object */;
			proxyType = 1;
			remoteGlobalIDString = 9AFD941AFC114F3769B552B4;
			remoteInfo = FreeloaderFinderSync;
		};
/* End PBXContainerItemProxy section */

/* Begin PBXCopyFilesBuildPhase section */
		7D0C5953E8E9576355710574 /* Embed App Extensions */ = {
			isa = PBXCopyFilesBuildPhase;
			buildActionMask = 2147483647;
			dstPath = "";
			dstSubfolderSpec = 13;
			files = (
				17AA25D4F8B20CE5D0DE8373 /* FreeloaderFinderSync.appex in Embed App Extensions */,
			);
			name = "Embed App Extensions";
			runOnlyForDeploymentPostprocessing = 0;
		};
/* End PBXCopyFilesBuildPhase section */

/* Begin PBXFileReference section */
		05E172E7BBDC2B65B3BDC37E /* TransferDetailsView.swift */ = {isa = PBXFileReference; includeInIndex = 1; lastKnownFileType = sourcecode.swift; name = TransferDetailsView.swift; path = Views/TransferDetailsView.swift; sourceTree = "<group>"; };
		1036F70F7326F838CB71F9EB /* OperationJournal.swift */ = {isa = PBXFileReference; includeInIndex = 1; lastKnownFileType = sourcecode.swift; name = OperationJournal.swift; path = Services/OperationJournal.swift; sourceTree = "<group>"; };
		108917BDE4ACF16A8BC3F4E2 /* AddressBarRow.swift */ = {isa = PBXFileReference; includeInIndex = 1; lastKnownFileType = sourcecode.swift; name = AddressBarRow.swift; path = Views/AddressBarRow.swift; sourceTree = "<group>"; };
		114D97D858DBCED24C3DDDC2 /* FinderSync-Info.plist */ = {isa = PBXFileReference; includeInIndex = 1; lastKnownFileType = text.plist.xml; path = "FinderSync-Info.plist"; sourceTree = "<group>"; };
		11678C9C9947485B4B6AF3A6 /* AddressBarView.swift */ = {isa = PBXFileReference; includeInIndex = 1; lastKnownFileType = sourcecode.swift; name = AddressBarView.swift; path = Views/AddressBarView.swift; sourceTree = "<group>"; };
		2AFC3BD3A1FAD74E484588E8 /* MetadataEditorView.swift */ = {isa = PBXFileReference; includeInIndex = 1; lastKnownFileType = sourcecode.swift; name = MetadataEditorView.swift; path = Views/MetadataEditorView.swift; sourceTree = "<group>"; };
		32126F5DF570533E226040C3 /* FileItem.swift */ = {isa = PBXFileReference; includeInIndex = 1; lastKnownFileType = sourcecode.swift; name = FileItem.swift; path = Models/FileItem.swift; sourceTree = "<group>"; };
		33135F0B67B25DB15B9BCFDC /* NuFinderApp.swift */ = {isa = PBXFileReference; includeInIndex = 1; lastKnownFileType = sourcecode.swift; path = NuFinderApp.swift; sourceTree = "<group>"; };
		399294F5726014C856D64C18 /* FileActionService.swift */ = {isa = PBXFileReference; includeInIndex = 1; lastKnownFileType = sourcecode.swift; name = FileActionService.swift; path = Services/FileActionService.swift; sourceTree = "<group>"; };
		3DD8C3DFCD508439EE9CE62A /* BrowserModel.swift */ = {isa = PBXFileReference; includeInIndex = 1; lastKnownFileType = sourcecode.swift; name = BrowserModel.swift; path = Models/BrowserModel.swift; sourceTree = "<group>"; };
		442E9B762C837E176B387CC5 /* SettingsView.swift */ = {isa = PBXFileReference; includeInIndex = 1; lastKnownFileType = sourcecode.swift; name = SettingsView.swift; path = Views/SettingsView.swift; sourceTree = "<group>"; };
		4870E456C657B820DCA0C938 /* SortMenu.swift */ = {isa = PBXFileReference; includeInIndex = 1; lastKnownFileType = sourcecode.swift; name = SortMenu.swift; path = Views/SortMenu.swift; sourceTree = "<group>"; };
		4F0906C595EF861439BF56BD /* TabBarView.swift */ = {isa = PBXFileReference; includeInIndex = 1; lastKnownFileType = sourcecode.swift; name = TabBarView.swift; path = Views/TabBarView.swift; sourceTree = "<group>"; };
		8D9B3CD4A8E76339AFC0A70B /* FileOperationManager.swift */ = {isa = PBXFileReference; includeInIndex = 1; lastKnownFileType = sourcecode.swift; name = FileOperationManager.swift; path = Services/FileOperationManager.swift; sourceTree = "<group>"; };
		939A45FC53D39F695657106F /* TerminalService.swift */ = {isa = PBXFileReference; includeInIndex = 1; lastKnownFileType = sourcecode.swift; name = TerminalService.swift; path = Services/TerminalService.swift; sourceTree = "<group>"; };
		96598B1ABACD5077E64BC938 /* Assets.xcassets */ = {isa = PBXFileReference; includeInIndex = 1; lastKnownFileType = folder.assetcatalog; path = Assets.xcassets; sourceTree = "<group>"; };
		A5FBE68A3C3DE47BA804F78A /* BreadcrumbView.swift */ = {isa = PBXFileReference; includeInIndex = 1; lastKnownFileType = sourcecode.swift; name = BreadcrumbView.swift; path = Views/BreadcrumbView.swift; sourceTree = "<group>"; };
		B2B0CCAEE823C4A9EC6F7CD0 /* FinderSync.entitlements */ = {isa = PBXFileReference; includeInIndex = 1; lastKnownFileType = text.plist.entitlements; path = FinderSync.entitlements; sourceTree = "<group>"; };
		B3D2553FA71B9BE58A77ADAF /* FinderSyncExtension.swift */ = {isa = PBXFileReference; includeInIndex = 1; lastKnownFileType = sourcecode.swift; path = FinderSyncExtension.swift; sourceTree = "<group>"; };
		B8E912C00F58A76D697BCD84 /* FileInfoView.swift */ = {isa = PBXFileReference; includeInIndex = 1; lastKnownFileType = sourcecode.swift; name = FileInfoView.swift; path = Views/FileInfoView.swift; sourceTree = "<group>"; };
		C0E0D4D4BAF849523AC3920D /* ChunkedFileCopier.swift */ = {isa = PBXFileReference; includeInIndex = 1; lastKnownFileType = sourcecode.swift; name = ChunkedFileCopier.swift; path = Services/ChunkedFileCopier.swift; sourceTree = "<group>"; };
		C4212FC1390F2455BA2C54D7 /* FinderSyncBridge.swift */ = {isa = PBXFileReference; includeInIndex = 1; lastKnownFileType = sourcecode.swift; name = FinderSyncBridge.swift; path = Services/FinderSyncBridge.swift; sourceTree = "<group>"; };
		C43C66F756E3B76865329A16 /* Freeloader.app */ = {isa = PBXFileReference; explicitFileType = wrapper.application; includeInIndex = 0; path = Freeloader.app; sourceTree = BUILT_PRODUCTS_DIR; };
		D37DCD606038DC9429CD48C3 /* SearchBarView.swift */ = {isa = PBXFileReference; includeInIndex = 1; lastKnownFileType = sourcecode.swift; name = SearchBarView.swift; path = Views/SearchBarView.swift; sourceTree = "<group>"; };
		D7173601B83B7F327DE21DC3 /* QuickLookService.swift */ = {isa = PBXFileReference; includeInIndex = 1; lastKnownFileType = sourcecode.swift; name = QuickLookService.swift; path = Services/QuickLookService.swift; sourceTree = "<group>"; };
		D90C4F4A5C58CD9E9CCF7FEE /* WindowService.swift */ = {isa = PBXFileReference; includeInIndex = 1; lastKnownFileType = sourcecode.swift; name = WindowService.swift; path = Services/WindowService.swift; sourceTree = "<group>"; };
		D94AEE8FC2C7A5B30E83FD8D /* FreeloaderFinderSync.appex */ = {isa = PBXFileReference; explicitFileType = "wrapper.app-extension"; includeInIndex = 0; path = FreeloaderFinderSync.appex; sourceTree = BUILT_PRODUCTS_DIR; };
		DD9D5357E82317F658B8D3C5 /* NuFinder.entitlements */ = {isa = PBXFileReference; includeInIndex = 1; lastKnownFileType = text.plist.entitlements; path = NuFinder.entitlements; sourceTree = "<group>"; };
		DFA2C5C199290BC57C5CF523 /* App-Info.plist */ = {isa = PBXFileReference; includeInIndex = 1; lastKnownFileType = text.plist.xml; path = "App-Info.plist"; sourceTree = "<group>"; };
		E095478F771C916B1279824F /* DirectoryWatcher.swift */ = {isa = PBXFileReference; includeInIndex = 1; lastKnownFileType = sourcecode.swift; name = DirectoryWatcher.swift; path = Services/DirectoryWatcher.swift; sourceTree = "<group>"; };
		E3E97262B582A3F9F7A96561 /* Cocoa.framework */ = {isa = PBXFileReference; lastKnownFileType = wrapper.framework; name = Cocoa.framework; path = Platforms/MacOSX.platform/Developer/SDKs/MacOSX15.0.sdk/System/Library/Frameworks/Cocoa.framework; sourceTree = DEVELOPER_DIR; };
		E6EE187D50288D71440A37E4 /* ContentView.swift */ = {isa = PBXFileReference; includeInIndex = 1; lastKnownFileType = sourcecode.swift; name = ContentView.swift; path = Views/ContentView.swift; sourceTree = "<group>"; };
		EC8E9CB53FFC28690E3A6195 /* SidebarView.swift */ = {isa = PBXFileReference; includeInIndex = 1; lastKnownFileType = sourcecode.swift; name = SidebarView.swift; path = Views/SidebarView.swift; sourceTree = "<group>"; };
		EF460775FE068D10C606779E /* SpotlightSearchService.swift */ = {isa = PBXFileReference; includeInIndex = 1; lastKnownFileType = sourcecode.swift; name = SpotlightSearchService.swift; path = Services/SpotlightSearchService.swift; sourceTree = "<group>"; };
		F0C5118F9E10ED9D75B9E8CB /* FileListView.swift */ = {isa = PBXFileReference; includeInIndex = 1; lastKnownFileType = sourcecode.swift; name = FileListView.swift; path = Views/FileListView.swift; sourceTree = "<group>"; };
		FF284D7F4EFF33F98A8EF37A /* FileMetadataService.swift */ = {isa = PBXFileReference; includeInIndex = 1; lastKnownFileType = sourcecode.swift; name = FileMetadataService.swift; path = Services/FileMetadataService.swift; sourceTree = "<group>"; };
/* End PBXFileReference section */

/* Begin PBXFrameworksBuildPhase section */
		66900389F3B921B1F71FF482 /* Frameworks */ = {
			isa = PBXFrameworksBuildPhase;
			buildActionMask = 2147483647;
			files = (
				DD2E9907F6E7E4D489572A2E /* Cocoa.framework in Frameworks */,
			);
			runOnlyForDeploymentPostprocessing = 0;
		};
		85B9BE86E4762C145CB37873 /* Frameworks */ = {
			isa = PBXFrameworksBuildPhase;
			buildActionMask = 2147483647;
			files = (
				13043FF1445922C5346B7731 /* Cocoa.framework in Frameworks */,
			);
			runOnlyForDeploymentPostprocessing = 0;
		};
/* End PBXFrameworksBuildPhase section */

/* Begin PBXGroup section */
		313CEEE6072D068DFA32EFB3 /* Products */ = {
			isa = PBXGroup;
			children = (
				C43C66F756E3B76865329A16 /* Freeloader.app */,
				D94AEE8FC2C7A5B30E83FD8D /* FreeloaderFinderSync.appex */,
			);
			name = Products;
			sourceTree = "<group>";
		};
		348111A51641F8D3B03843E6 /* OS X */ = {
			isa = PBXGroup;
			children = (
				E3E97262B582A3F9F7A96561 /* Cocoa.framework */,
			);
			name = "OS X";
			sourceTree = "<group>";
		};
		804FDC4FA340698EC381DB78 = {
			isa = PBXGroup;
			children = (
				313CEEE6072D068DFA32EFB3 /* Products */,
				D65B7700284EE6A7E04C0FA4 /* Frameworks */,
				A7555467C815A3D8C0C1F4A4 /* Sources */,
				CE91C0768C853D4E6FA3EB2B /* FinderSyncExtension */,
				D35621309D365B90D05A01FA /* Config */,
				D2692B9E5FE44F54F50CFA78 /* Assets */,
			);
			sourceTree = "<group>";
		};
		A7555467C815A3D8C0C1F4A4 /* Sources */ = {
			isa = PBXGroup;
			children = (
				3DD8C3DFCD508439EE9CE62A /* BrowserModel.swift */,
				32126F5DF570533E226040C3 /* FileItem.swift */,
				33135F0B67B25DB15B9BCFDC /* NuFinderApp.swift */,
				C0E0D4D4BAF849523AC3920D /* ChunkedFileCopier.swift */,
				E095478F771C916B1279824F /* DirectoryWatcher.swift */,
				399294F5726014C856D64C18 /* FileActionService.swift */,
				FF284D7F4EFF33F98A8EF37A /* FileMetadataService.swift */,
				8D9B3CD4A8E76339AFC0A70B /* FileOperationManager.swift */,
				C4212FC1390F2455BA2C54D7 /* FinderSyncBridge.swift */,
				1036F70F7326F838CB71F9EB /* OperationJournal.swift */,
				D7173601B83B7F327DE21DC3 /* QuickLookService.swift */,
				EF460775FE068D10C606779E /* SpotlightSearchService.swift */,
				939A45FC53D39F695657106F /* TerminalService.swift */,
				D90C4F4A5C58CD9E9CCF7FEE /* WindowService.swift */,
				108917BDE4ACF16A8BC3F4E2 /* AddressBarRow.swift */,
				11678C9C9947485B4B6AF3A6 /* AddressBarView.swift */,
				A5FBE68A3C3DE47BA804F78A /* BreadcrumbView.swift */,
				E6EE187D50288D71440A37E4 /* ContentView.swift */,
				B8E912C00F58A76D697BCD84 /* FileInfoView.swift */,
				F0C5118F9E10ED9D75B9E8CB /* FileListView.swift */,
				2AFC3BD3A1FAD74E484588E8 /* MetadataEditorView.swift */,
				D37DCD606038DC9429CD48C3 /* SearchBarView.swift */,
				442E9B762C837E176B387CC5 /* SettingsView.swift */,
				EC8E9CB53FFC28690E3A6195 /* SidebarView.swift */,
				4870E456C657B820DCA0C938 /* SortMenu.swift */,
				4F0906C595EF861439BF56BD /* TabBarView.swift */,
				05E172E7BBDC2B65B3BDC37E /* TransferDetailsView.swift */,
			);
			name = Sources;
			path = Sources/NuFinder;
			sourceTree = "<group>";
		};
		CE91C0768C853D4E6FA3EB2B /* FinderSyncExtension */ = {
			isa = PBXGroup;
			children = (
				B3D2553FA71B9BE58A77ADAF /* FinderSyncExtension.swift */,
			);
			name = FinderSyncExtension;
			path = FinderSyncExtension;
			sourceTree = "<group>";
		};
		D2692B9E5FE44F54F50CFA78 /* Assets */ = {
			isa = PBXGroup;
			children = (
				96598B1ABACD5077E64BC938 /* Assets.xcassets */,
			);
			name = Assets;
			path = Assets;
			sourceTree = "<group>";
		};
		D35621309D365B90D05A01FA /* Config */ = {
			isa = PBXGroup;
			children = (
				DFA2C5C199290BC57C5CF523 /* App-Info.plist */,
				DD9D5357E82317F658B8D3C5 /* NuFinder.entitlements */,
				114D97D858DBCED24C3DDDC2 /* FinderSync-Info.plist */,
				B2B0CCAEE823C4A9EC6F7CD0 /* FinderSync.entitlements */,
			);
			name = Config;
			path = Config;
			sourceTree = "<group>";
		};
		D65B7700284EE6A7E04C0FA4 /* Frameworks */ = {
			isa = PBXGroup;
			children = (
				348111A51641F8D3B03843E6 /* OS X */,
			);
			name = Frameworks;
			sourceTree = "<group>";
		};
/* End PBXGroup section */

/* Begin PBXNativeTarget section */
		9AFD941AFC114F3769B552B4 /* FreeloaderFinderSync */ = {
			isa = PBXNativeTarget;
			buildConfigurationList = 977BA9C77FDA9A508340CD04 /* Build configuration list for PBXNativeTarget "FreeloaderFinderSync" */;
			buildPhases = (
				C4691F15AD0DC696B48696DA /* Sources */,
				66900389F3B921B1F71FF482 /* Frameworks */,
				77E4A69C50B41375CD97BF25 /* Resources */,
			);
			buildRules = (
			);
			dependencies = (
			);
			name = FreeloaderFinderSync;
			productName = FreeloaderFinderSync;
			productReference = D94AEE8FC2C7A5B30E83FD8D /* FreeloaderFinderSync.appex */;
			productType = "com.apple.product-type.app-extension";
		};
		C424A89AC0F3C2C9AC852935 /* Freeloader */ = {
			isa = PBXNativeTarget;
			buildConfigurationList = 4A42746CC304D4F94C5A14E1 /* Build configuration list for PBXNativeTarget "Freeloader" */;
			buildPhases = (
				7C0BE94DBEB7C2FEB87C11A4 /* Sources */,
				85B9BE86E4762C145CB37873 /* Frameworks */,
				F8E3EBA31995D3B3E9D2C15E /* Resources */,
				7D0C5953E8E9576355710574 /* Embed App Extensions */,
			);
			buildRules = (
			);
			dependencies = (
				5F2E9372405FD5C2DC7EB811 /* PBXTargetDependency */,
			);
			name = Freeloader;
			productName = Freeloader;
			productReference = C43C66F756E3B76865329A16 /* Freeloader.app */;
			productType = "com.apple.product-type.application";
		};
/* End PBXNativeTarget section */

/* Begin PBXProject section */
		618F9F5883C47D74CA66AD4E /* Project object */ = {
			isa = PBXProject;
			attributes = {
				LastSwiftUpdateCheck = 1600;
				LastUpgradeCheck = 1600;
			};
			buildConfigurationList = FA4375F7FCB9D2AB36A05ED0 /* Build configuration list for PBXProject "Freeloader" */;
			compatibilityVersion = "Xcode 3.2";
			developmentRegion = en;
			hasScannedForEncodings = 0;
			knownRegions = (
				en,
				Base,
			);
			mainGroup = 804FDC4FA340698EC381DB78;
			minimizedProjectReferenceProxies = 0;
			preferredProjectObjectVersion = 77;
			productRefGroup = 313CEEE6072D068DFA32EFB3 /* Products */;
			projectDirPath = "";
			projectRoot = "";
			targets = (
				C424A89AC0F3C2C9AC852935 /* Freeloader */,
				9AFD941AFC114F3769B552B4 /* FreeloaderFinderSync */,
			);
		};
/* End PBXProject section */

/* Begin PBXResourcesBuildPhase section */
		77E4A69C50B41375CD97BF25 /* Resources */ = {
			isa = PBXResourcesBuildPhase;
			buildActionMask = 2147483647;
			files = (
			);
			runOnlyForDeploymentPostprocessing = 0;
		};
		F8E3EBA31995D3B3E9D2C15E /* Resources */ = {
			isa = PBXResourcesBuildPhase;
			buildActionMask = 2147483647;
			files = (
				328AF1BB15B388E12010B13B /* Assets.xcassets in Resources */,
			);
			runOnlyForDeploymentPostprocessing = 0;
		};
/* End PBXResourcesBuildPhase section */

/* Begin PBXSourcesBuildPhase section */
		7C0BE94DBEB7C2FEB87C11A4 /* Sources */ = {
			isa = PBXSourcesBuildPhase;
			buildActionMask = 2147483647;
			files = (
				C676C5DB3C4426A89BC89CD9 /* BrowserModel.swift in Sources */,
				F88792D7F448CD9A3E3806B1 /* FileItem.swift in Sources */,
				0B06267E529DBF79C21E6100 /* NuFinderApp.swift in Sources */,
				9CA05F2055FB8D8A3F1EFA8F /* ChunkedFileCopier.swift in Sources */,
				A0071397C78A9AFB508538B3 /* DirectoryWatcher.swift in Sources */,
				F1B9ECA713FE90FC54AB6C9C /* FileActionService.swift in Sources */,
				4C9BF7408DD18E7262BD1A3F /* FileMetadataService.swift in Sources */,
				3315FA7B2B62A71D0954C1B2 /* FileOperationManager.swift in Sources */,
				CD7E8FE464739BF313488D3C /* FinderSyncBridge.swift in Sources */,
				E49C62E8B19C295FE63DE965 /* OperationJournal.swift in Sources */,
				C96258699339A2B779AD450E /* QuickLookService.swift in Sources */,
				650AF476C8A94B7C6173C7DF /* SpotlightSearchService.swift in Sources */,
				207054C159F8A40E9D6B12CA /* TerminalService.swift in Sources */,
				2D3B5B36751E9D8E5789E7B0 /* WindowService.swift in Sources */,
				61FCCEF59EAD76C97C11D010 /* AddressBarRow.swift in Sources */,
				ED79F06887728F38804448BF /* AddressBarView.swift in Sources */,
				126919414BA288FB7203AB7D /* BreadcrumbView.swift in Sources */,
				968BB42C1B7CCAF41BBCF7E1 /* ContentView.swift in Sources */,
				C88D2D1593845441566B6A31 /* FileInfoView.swift in Sources */,
				04896F8E4E8A66ED8A6520F3 /* FileListView.swift in Sources */,
				6D96B252E842EB4EB81DEBAC /* MetadataEditorView.swift in Sources */,
				B4FBC6B21EF7CF7B9570AE2F /* SearchBarView.swift in Sources */,
				E72EC4BE672502068469E24D /* SettingsView.swift in Sources */,
				425FF556D33652033502BFD7 /* SidebarView.swift in Sources */,
				A768ADA91DE8800DF7E50E85 /* SortMenu.swift in Sources */,
				52E8340A1DDA05508B52F7E1 /* TabBarView.swift in Sources */,
				DCC1E21FAB9EA9C95F57C8F9 /* TransferDetailsView.swift in Sources */,
			);
			runOnlyForDeploymentPostprocessing = 0;
		};
		C4691F15AD0DC696B48696DA /* Sources */ = {
			isa = PBXSourcesBuildPhase;
			buildActionMask = 2147483647;
			files = (
				C8F19EAA312BA5F316A2CF69 /* FinderSyncExtension.swift in Sources */,
			);
			runOnlyForDeploymentPostprocessing = 0;
		};
/* End PBXSourcesBuildPhase section */

/* Begin PBXTargetDependency section */
		5F2E9372405FD5C2DC7EB811 /* PBXTargetDependency */ = {
			isa = PBXTargetDependency;
			name = FreeloaderFinderSync;
			target = 9AFD941AFC114F3769B552B4 /* FreeloaderFinderSync */;
			targetProxy = CF3E49D0584007C1DB4EBF7F /* PBXContainerItemProxy */;
		};
/* End PBXTargetDependency section */

/* Begin XCBuildConfiguration section */
		07C816EFB0CAE3E310E1624A /* Debug */ = {
			isa = XCBuildConfiguration;
			buildSettings = {
				CODE_SIGN_ENTITLEMENTS = Config/FinderSync.entitlements;
				CODE_SIGN_STYLE = Automatic;
				DEVELOPMENT_TEAM = FLJNW3455S;
				ENABLE_HARDENED_RUNTIME = YES;
				INFOPLIST_FILE = "Config/FinderSync-Info.plist";
				MACOSX_DEPLOYMENT_TARGET = 15.0;
				PRODUCT_BUNDLE_IDENTIFIER = com.miguelrodriguez.NuFinder.FinderSync;
				PRODUCT_NAME = FreeloaderFinderSync;
				SDKROOT = macosx;
				SKIP_INSTALL = YES;
				SWIFT_VERSION = 6.0;
			};
			name = Debug;
		};
		1507867CEAB96F08176E5A1C /* Release */ = {
			isa = XCBuildConfiguration;
			buildSettings = {
				CODE_SIGN_ENTITLEMENTS = Config/FinderSync.entitlements;
				CODE_SIGN_STYLE = Automatic;
				DEVELOPMENT_TEAM = FLJNW3455S;
				ENABLE_HARDENED_RUNTIME = YES;
				INFOPLIST_FILE = "Config/FinderSync-Info.plist";
				MACOSX_DEPLOYMENT_TARGET = 15.0;
				PRODUCT_BUNDLE_IDENTIFIER = com.miguelrodriguez.NuFinder.FinderSync;
				PRODUCT_NAME = FreeloaderFinderSync;
				SDKROOT = macosx;
				SKIP_INSTALL = YES;
				SWIFT_VERSION = 6.0;
			};
			name = Release;
		};
		277A360B5B8A376B3E1FDD0D /* Release */ = {
			isa = XCBuildConfiguration;
			buildSettings = {
				ALWAYS_SEARCH_USER_PATHS = NO;
				CLANG_ANALYZER_NONNULL = YES;
				CLANG_ANALYZER_NUMBER_OBJECT_CONVERSION = YES_AGGRESSIVE;
				CLANG_CXX_LANGUAGE_STANDARD = "gnu++14";
				CLANG_CXX_LIBRARY = "libc++";
				CLANG_ENABLE_MODULES = YES;
				CLANG_ENABLE_OBJC_ARC = YES;
				CLANG_ENABLE_OBJC_WEAK = YES;
				CLANG_WARN_BLOCK_CAPTURE_AUTORELEASING = YES;
				CLANG_WARN_BOOL_CONVERSION = YES;
				CLANG_WARN_COMMA = YES;
				CLANG_WARN_CONSTANT_CONVERSION = YES;
				CLANG_WARN_DEPRECATED_OBJC_IMPLEMENTATIONS = YES;
				CLANG_WARN_DIRECT_OBJC_ISA_USAGE = YES_ERROR;
				CLANG_WARN_DOCUMENTATION_COMMENTS = YES;
				CLANG_WARN_EMPTY_BODY = YES;
				CLANG_WARN_ENUM_CONVERSION = YES;
				CLANG_WARN_INFINITE_RECURSION = YES;
				CLANG_WARN_INT_CONVERSION = YES;
				CLANG_WARN_NON_LITERAL_NULL_CONVERSION = YES;
				CLANG_WARN_OBJC_IMPLICIT_RETAIN_SELF = YES;
				CLANG_WARN_OBJC_LITERAL_CONVERSION = YES;
				CLANG_WARN_OBJC_ROOT_CLASS = YES_ERROR;
				CLANG_WARN_QUOTED_INCLUDE_IN_FRAMEWORK_HEADER = YES;
				CLANG_WARN_RANGE_LOOP_ANALYSIS = YES;
				CLANG_WARN_STRICT_PROTOTYPES = YES;
				CLANG_WARN_SUSPICIOUS_MOVE = YES;
				CLANG_WARN_UNGUARDED_AVAILABILITY = YES_AGGRESSIVE;
				CLANG_WARN_UNREACHABLE_CODE = YES;
				CLANG_WARN__DUPLICATE_METHOD_MATCH = YES;
				COPY_PHASE_STRIP = NO;
				DEBUG_INFORMATION_FORMAT = "dwarf-with-dsym";
				ENABLE_NS_ASSERTIONS = NO;
				ENABLE_STRICT_OBJC_MSGSEND = YES;
				GCC_C_LANGUAGE_STANDARD = gnu11;
				GCC_NO_COMMON_BLOCKS = YES;
				GCC_WARN_64_TO_32_BIT_CONVERSION = YES;
				GCC_WARN_ABOUT_RETURN_TYPE = YES_ERROR;
				GCC_WARN_UNDECLARED_SELECTOR = YES;
				GCC_WARN_UNINITIALIZED_AUTOS = YES_AGGRESSIVE;
				GCC_WARN_UNUSED_FUNCTION = YES;
				GCC_WARN_UNUSED_VARIABLE = YES;
				MTL_ENABLE_DEBUG_INFO = NO;
				MTL_FAST_MATH = YES;
				PRODUCT_NAME = "$(TARGET_NAME)";
				SWIFT_COMPILATION_MODE = wholemodule;
				SWIFT_OPTIMIZATION_LEVEL = "-O";
				SWIFT_VERSION = 5.0;
			};
			name = Release;
		};
		7DD6CDC10FC6036B63550898 /* Release */ = {
			isa = XCBuildConfiguration;
			buildSettings = {
				ASSETCATALOG_COMPILER_APPICON_NAME = AppIcon;
				ASSETCATALOG_COMPILER_GLOBAL_ACCENT_COLOR_NAME = AccentColor;
				CODE_SIGN_ENTITLEMENTS = Config/NuFinder.entitlements;
				CODE_SIGN_STYLE = Automatic;
				COMBINE_HIDPI_IMAGES = YES;
				DEVELOPMENT_TEAM = FLJNW3455S;
				ENABLE_HARDENED_RUNTIME = YES;
				INFOPLIST_FILE = "Config/App-Info.plist";
				LD_RUNPATH_SEARCH_PATHS = "$(inherited) @executable_path/../Frameworks";
				MACOSX_DEPLOYMENT_TARGET = 15.0;
				PRODUCT_BUNDLE_IDENTIFIER = com.miguelrodriguez.NuFinder;
				PRODUCT_NAME = Freeloader;
				SDKROOT = macosx;
				SWIFT_VERSION = 6.0;
			};
			name = Release;
		};
		8DE009BA7B715B72BD273CA7 /* Debug */ = {
			isa = XCBuildConfiguration;
			buildSettings = {
				ASSETCATALOG_COMPILER_APPICON_NAME = AppIcon;
				ASSETCATALOG_COMPILER_GLOBAL_ACCENT_COLOR_NAME = AccentColor;
				CODE_SIGN_ENTITLEMENTS = Config/NuFinder.entitlements;
				CODE_SIGN_STYLE = Automatic;
				COMBINE_HIDPI_IMAGES = YES;
				DEVELOPMENT_TEAM = FLJNW3455S;
				ENABLE_HARDENED_RUNTIME = YES;
				INFOPLIST_FILE = "Config/App-Info.plist";
				LD_RUNPATH_SEARCH_PATHS = "$(inherited) @executable_path/../Frameworks";
				MACOSX_DEPLOYMENT_TARGET = 15.0;
				PRODUCT_BUNDLE_IDENTIFIER = com.miguelrodriguez.NuFinder;
				PRODUCT_NAME = Freeloader;
				SDKROOT = macosx;
				SWIFT_VERSION = 6.0;
			};
			name = Debug;
		};
		9D902F7AC3BCFE52BD93A0B3 /* Debug */ = {
			isa = XCBuildConfiguration;
			buildSettings = {
				ALWAYS_SEARCH_USER_PATHS = NO;
				CLANG_ANALYZER_NONNULL = YES;
				CLANG_ANALYZER_NUMBER_OBJECT_CONVERSION = YES_AGGRESSIVE;
				CLANG_CXX_LANGUAGE_STANDARD = "gnu++14";
				CLANG_CXX_LIBRARY = "libc++";
				CLANG_ENABLE_MODULES = YES;
				CLANG_ENABLE_OBJC_ARC = YES;
				CLANG_ENABLE_OBJC_WEAK = YES;
				CLANG_WARN_BLOCK_CAPTURE_AUTORELEASING = YES;
				CLANG_WARN_BOOL_CONVERSION = YES;
				CLANG_WARN_COMMA = YES;
				CLANG_WARN_CONSTANT_CONVERSION = YES;
				CLANG_WARN_DEPRECATED_OBJC_IMPLEMENTATIONS = YES;
				CLANG_WARN_DIRECT_OBJC_ISA_USAGE = YES_ERROR;
				CLANG_WARN_DOCUMENTATION_COMMENTS = YES;
				CLANG_WARN_EMPTY_BODY = YES;
				CLANG_WARN_ENUM_CONVERSION = YES;
				CLANG_WARN_INFINITE_RECURSION = YES;
				CLANG_WARN_INT_CONVERSION = YES;
				CLANG_WARN_NON_LITERAL_NULL_CONVERSION = YES;
				CLANG_WARN_OBJC_IMPLICIT_RETAIN_SELF = YES;
				CLANG_WARN_OBJC_LITERAL_CONVERSION = YES;
				CLANG_WARN_OBJC_ROOT_CLASS = YES_ERROR;
				CLANG_WARN_QUOTED_INCLUDE_IN_FRAMEWORK_HEADER = YES;
				CLANG_WARN_RANGE_LOOP_ANALYSIS = YES;
				CLANG_WARN_STRICT_PROTOTYPES = YES;
				CLANG_WARN_SUSPICIOUS_MOVE = YES;
				CLANG_WARN_UNGUARDED_AVAILABILITY = YES_AGGRESSIVE;
				CLANG_WARN_UNREACHABLE_CODE = YES;
				CLANG_WARN__DUPLICATE_METHOD_MATCH = YES;
				COPY_PHASE_STRIP = NO;
				DEBUG_INFORMATION_FORMAT = dwarf;
				ENABLE_STRICT_OBJC_MSGSEND = YES;
				ENABLE_TESTABILITY = YES;
				GCC_C_LANGUAGE_STANDARD = gnu11;
				GCC_DYNAMIC_NO_PIC = NO;
				GCC_NO_COMMON_BLOCKS = YES;
				GCC_OPTIMIZATION_LEVEL = 0;
				GCC_PREPROCESSOR_DEFINITIONS = (
					"DEBUG=1",
					"$(inherited)",
				);
				GCC_WARN_64_TO_32_BIT_CONVERSION = YES;
				GCC_WARN_ABOUT_RETURN_TYPE = YES_ERROR;
				GCC_WARN_UNDECLARED_SELECTOR = YES;
				GCC_WARN_UNINITIALIZED_AUTOS = YES_AGGRESSIVE;
				GCC_WARN_UNUSED_FUNCTION = YES;
				GCC_WARN_UNUSED_VARIABLE = YES;
				MTL_ENABLE_DEBUG_INFO = INCLUDE_SOURCE;
				MTL_FAST_MATH = YES;
				ONLY_ACTIVE_ARCH = YES;
				PRODUCT_NAME = "$(TARGET_NAME)";
				SWIFT_ACTIVE_COMPILATION_CONDITIONS = DEBUG;
				SWIFT_OPTIMIZATION_LEVEL = "-Onone";
				SWIFT_VERSION = 5.0;
			};
			name = Debug;
		};
/* End XCBuildConfiguration section */

/* Begin XCConfigurationList section */
		4A42746CC304D4F94C5A14E1 /* Build configuration list for PBXNativeTarget "Freeloader" */ = {
			isa = XCConfigurationList;
			buildConfigurations = (
				7DD6CDC10FC6036B63550898 /* Release */,
				8DE009BA7B715B72BD273CA7 /* Debug */,
			);
			defaultConfigurationIsVisible = 0;
			defaultConfigurationName = Release;
		};
		977BA9C77FDA9A508340CD04 /* Build configuration list for PBXNativeTarget "FreeloaderFinderSync" */ = {
			isa = XCConfigurationList;
			buildConfigurations = (
				1507867CEAB96F08176E5A1C /* Release */,
				07C816EFB0CAE3E310E1624A /* Debug */,
			);
			defaultConfigurationIsVisible = 0;
			defaultConfigurationName = Release;
		};
		FA4375F7FCB9D2AB36A05ED0 /* Build configuration list for PBXProject "Freeloader" */ = {
			isa = XCConfigurationList;
			buildConfigurations = (
				9D902F7AC3BCFE52BD93A0B3 /* Debug */,
				277A360B5B8A376B3E1FDD0D /* Release */,
			);
			defaultConfigurationIsVisible = 0;
			defaultConfigurationName = Release;
		};
/* End XCConfigurationList section */
	};
	rootObject = 618F9F5883C47D74CA66AD4E /* Project object */;
}
