// !$*UTF8*$!
{
	archiveVersion = 1;
	classes = {
	};
	objectVersion = 46;
	objects = {

/* Begin PBXBuildFile section */
		02E7F1C5CC8C313041569B83 /* FileItem.swift in Sources */ = {isa = PBXBuildFile; fileRef = 4F6B129CF5F87547892E1614 /* FileItem.swift */; };
		0FA775088FD51E0D588935F6 /* BrowserModel.swift in Sources */ = {isa = PBXBuildFile; fileRef = 542BC8818D4C41E5F44C69DF /* BrowserModel.swift */; };
		142A375913DDEC455194A873 /* AddressBarRow.swift in Sources */ = {isa = PBXBuildFile; fileRef = D2BCDD2777CBD605F77AF29E /* AddressBarRow.swift */; };
		1757BF8B63DC7C07B5E45C29 /* FileListView.swift in Sources */ = {isa = PBXBuildFile; fileRef = 00EDCAC1799B3A27BCC1CFA1 /* FileListView.swift */; };
		1A51AA4C2B074746F7F7B378 /* Cocoa.framework in Frameworks */ = {isa = PBXBuildFile; fileRef = 68AAF29B6542722CAA512491 /* Cocoa.framework */; };
		1D0C8D66A94E1EBC9C565F0B /* FinderSyncBridge.swift in Sources */ = {isa = PBXBuildFile; fileRef = 53E61DE0E76D6F2F0D6071BD /* FinderSyncBridge.swift */; };
		20B000CEA9A00B9D98220BB6 /* ContentView.swift in Sources */ = {isa = PBXBuildFile; fileRef = 7943808C6E9906786BFC0811 /* ContentView.swift */; };
		27779AB837EE935FA46A2B8F /* BreadcrumbView.swift in Sources */ = {isa = PBXBuildFile; fileRef = 088B4FA5D5DB24661501FE23 /* BreadcrumbView.swift */; };
		294EB901847D72D4D3EB3C56 /* TabBarView.swift in Sources */ = {isa = PBXBuildFile; fileRef = 35A07AC8A6D64245D12B0E2E /* TabBarView.swift */; };
		3851D02F1D5D2F8FE5BBCE5C /* FileOperationManager.swift in Sources */ = {isa = PBXBuildFile; fileRef = E82EC762F715A5203EF50769 /* FileOperationManager.swift */; };
		3E18BE37133076D2BB9D0DD2 /* SidebarView.swift in Sources */ = {isa = PBXBuildFile; fileRef = EC2D502DDFDBC36DE3B6F0D3 /* SidebarView.swift */; };
		41F4D484918A0E485BA2A4C9 /* DirectoryWatcher.swift in Sources */ = {isa = PBXBuildFile; fileRef = 3B967DC22A42CB8633744135 /* DirectoryWatcher.swift */; };
		4D34E11C6B291F190F770EC0 /* FileActionService.swift in Sources */ = {isa = PBXBuildFile; fileRef = 9B1CF0094F49EE15A6DAB7B8 /* FileActionService.swift */; };
		4DD0FB4E9A734156ECA51661 /* MetadataEditorView.swift in Sources */ = {isa = PBXBuildFile; fileRef = F476626C179FC20458BA804A /* MetadataEditorView.swift */; };
		60E691CCAB46DBABE34F0018 /* SpotlightSearchService.swift in Sources */ = {isa = PBXBuildFile; fileRef = 594B883E2239E793CBCD6C1E /* SpotlightSearchService.swift */; };
		61BAF9A53E54A3805750E74B /* OperationJournal.swift in Sources */ = {isa = PBXBuildFile; fileRef = 1D6CA13FF3A31DC9487C726E /* OperationJournal.swift */; };
		6281B05305AC1A9A33AE74BF /* FinderSyncExtension.swift in Sources */ = {isa = PBXBuildFile; fileRef = 424C9F49662D49D9E1C3C581 /* FinderSyncExtension.swift */; };
		6C2AFFE7926491E198B2B818 /* FileInfoView.swift in Sources */ = {isa = PBXBuildFile; fileRef = 457379A6F06D49D78FC9EC79 /* FileInfoView.swift */; };
		8B452F3872B684B6D7F31313 /* ChunkedFileCopier.swift in Sources */ = {isa = PBXBuildFile; fileRef = A121D502EB569C195AB34152 /* ChunkedFileCopier.swift */; };
		8D6357C65A72803A8F0C4BE6 /* AddressBarView.swift in Sources */ = {isa = PBXBuildFile; fileRef = C30657DA71F9F01A67350EF6 /* AddressBarView.swift */; };
		A21B8B614060D212295FB852 /* TerminalService.swift in Sources */ = {isa = PBXBuildFile; fileRef = 2F8E7CEE2B2FD8D6B0D4F33B /* TerminalService.swift */; };
		A61D5609FBA26CA6E1D9FDD0 /* Cocoa.framework in Frameworks */ = {isa = PBXBuildFile; fileRef = 68AAF29B6542722CAA512491 /* Cocoa.framework */; };
		B6405826CBB6F86E85A73735 /* QuickLookService.swift in Sources */ = {isa = PBXBuildFile; fileRef = D6F0C7005FC0BB542D8E0235 /* QuickLookService.swift */; };
		B6616E05CA335C172291D2A2 /* SortMenu.swift in Sources */ = {isa = PBXBuildFile; fileRef = FD253209653D24672DFDBF89 /* SortMenu.swift */; };
		C4D2917F31DBBCB21F54D01B /* SearchBarView.swift in Sources */ = {isa = PBXBuildFile; fileRef = 096B72D5E7C4C4D0D9F63B3F /* SearchBarView.swift */; };
		CD7C6C43539C830C119D1700 /* SettingsView.swift in Sources */ = {isa = PBXBuildFile; fileRef = 4D188A70914DC1D3D768C452 /* SettingsView.swift */; };
		D9F8D8D7889192942E18A36D /* FileMetadataService.swift in Sources */ = {isa = PBXBuildFile; fileRef = E1D1CA0955C9BCDD1762C75B /* FileMetadataService.swift */; };
		DF87E7BF89C499D978E8E96E /* WindowService.swift in Sources */ = {isa = PBXBuildFile; fileRef = 1FD5556D842390C0FD87D21C /* WindowService.swift */; };
		E5566AC6202A4256970F2261 /* TransferDetailsView.swift in Sources */ = {isa = PBXBuildFile; fileRef = 88705952AE85FF04ED3E8468 /* TransferDetailsView.swift */; };
		F7B4D8A2FF28F25CB4CB226A /* NuFinderFinderSync.appex in Embed App Extensions */ = {isa = PBXBuildFile; fileRef = 3608AC687442C603DD9E48A0 /* NuFinderFinderSync.appex */; };
		FFDCF5716625905DD2969705 /* NuFinderApp.swift in Sources */ = {isa = PBXBuildFile; fileRef = 5FC89AF1233A12BAF433A00C /* NuFinderApp.swift */; };
/* End PBXBuildFile section */

/* Begin PBXContainerItemProxy section */
		E00735DFDBE2B7F401E6F199 /* PBXContainerItemProxy */ = {
			isa = PBXContainerItemProxy;
			containerPortal = 6FB894F3AF28A2E084226916 /* Project object */;
			proxyType = 1;
			remoteGlobalIDString = 25DD0179FAF3ED6F59D0EA0E;
			remoteInfo = NuFinderFinderSync;
		};
/* End PBXContainerItemProxy section */

/* Begin PBXCopyFilesBuildPhase section */
		BD783C8187D0E24280C63A02 /* Embed App Extensions */ = {
			isa = PBXCopyFilesBuildPhase;
			buildActionMask = 2147483647;
			dstPath = "";
			dstSubfolderSpec = 13;
			files = (
				F7B4D8A2FF28F25CB4CB226A /* NuFinderFinderSync.appex in Embed App Extensions */,
			);
			name = "Embed App Extensions";
			runOnlyForDeploymentPostprocessing = 0;
		};
/* End PBXCopyFilesBuildPhase section */

/* Begin PBXFileReference section */
		00EDCAC1799B3A27BCC1CFA1 /* FileListView.swift */ = {isa = PBXFileReference; includeInIndex = 1; lastKnownFileType = sourcecode.swift; name = FileListView.swift; path = Views/FileListView.swift; sourceTree = "<group>"; };
		088B4FA5D5DB24661501FE23 /* BreadcrumbView.swift */ = {isa = PBXFileReference; includeInIndex = 1; lastKnownFileType = sourcecode.swift; name = BreadcrumbView.swift; path = Views/BreadcrumbView.swift; sourceTree = "<group>"; };
		096B72D5E7C4C4D0D9F63B3F /* SearchBarView.swift */ = {isa = PBXFileReference; includeInIndex = 1; lastKnownFileType = sourcecode.swift; name = SearchBarView.swift; path = Views/SearchBarView.swift; sourceTree = "<group>"; };
		1D6CA13FF3A31DC9487C726E /* OperationJournal.swift */ = {isa = PBXFileReference; includeInIndex = 1; lastKnownFileType = sourcecode.swift; name = OperationJournal.swift; path = Services/OperationJournal.swift; sourceTree = "<group>"; };
		1FD5556D842390C0FD87D21C /* WindowService.swift */ = {isa = PBXFileReference; includeInIndex = 1; lastKnownFileType = sourcecode.swift; name = WindowService.swift; path = Services/WindowService.swift; sourceTree = "<group>"; };
		2F8E7CEE2B2FD8D6B0D4F33B /* TerminalService.swift */ = {isa = PBXFileReference; includeInIndex = 1; lastKnownFileType = sourcecode.swift; name = TerminalService.swift; path = Services/TerminalService.swift; sourceTree = "<group>"; };
		35A07AC8A6D64245D12B0E2E /* TabBarView.swift */ = {isa = PBXFileReference; includeInIndex = 1; lastKnownFileType = sourcecode.swift; name = TabBarView.swift; path = Views/TabBarView.swift; sourceTree = "<group>"; };
		3608AC687442C603DD9E48A0 /* NuFinderFinderSync.appex */ = {isa = PBXFileReference; explicitFileType = "wrapper.app-extension"; includeInIndex = 0; path = NuFinderFinderSync.appex; sourceTree = BUILT_PRODUCTS_DIR; };
		3B967DC22A42CB8633744135 /* DirectoryWatcher.swift */ = {isa = PBXFileReference; includeInIndex = 1; lastKnownFileType = sourcecode.swift; name = DirectoryWatcher.swift; path = Services/DirectoryWatcher.swift; sourceTree = "<group>"; };
		424C9F49662D49D9E1C3C581 /* FinderSyncExtension.swift */ = {isa = PBXFileReference; includeInIndex = 1; lastKnownFileType = sourcecode.swift; path = FinderSyncExtension.swift; sourceTree = "<group>"; };
		457379A6F06D49D78FC9EC79 /* FileInfoView.swift */ = {isa = PBXFileReference; includeInIndex = 1; lastKnownFileType = sourcecode.swift; name = FileInfoView.swift; path = Views/FileInfoView.swift; sourceTree = "<group>"; };
		4D188A70914DC1D3D768C452 /* SettingsView.swift */ = {isa = PBXFileReference; includeInIndex = 1; lastKnownFileType = sourcecode.swift; name = SettingsView.swift; path = Views/SettingsView.swift; sourceTree = "<group>"; };
		4F6B129CF5F87547892E1614 /* FileItem.swift */ = {isa = PBXFileReference; includeInIndex = 1; lastKnownFileType = sourcecode.swift; name = FileItem.swift; path = Models/FileItem.swift; sourceTree = "<group>"; };
		514A0BB18D5C9A101141AE56 /* FinderSync.entitlements */ = {isa = PBXFileReference; includeInIndex = 1; lastKnownFileType = text.plist.entitlements; path = FinderSync.entitlements; sourceTree = "<group>"; };
		53E61DE0E76D6F2F0D6071BD /* FinderSyncBridge.swift */ = {isa = PBXFileReference; includeInIndex = 1; lastKnownFileType = sourcecode.swift; name = FinderSyncBridge.swift; path = Services/FinderSyncBridge.swift; sourceTree = "<group>"; };
		542BC8818D4C41E5F44C69DF /* BrowserModel.swift */ = {isa = PBXFileReference; includeInIndex = 1; lastKnownFileType = sourcecode.swift; name = BrowserModel.swift; path = Models/BrowserModel.swift; sourceTree = "<group>"; };
		594B883E2239E793CBCD6C1E /* SpotlightSearchService.swift */ = {isa = PBXFileReference; includeInIndex = 1; lastKnownFileType = sourcecode.swift; name = SpotlightSearchService.swift; path = Services/SpotlightSearchService.swift; sourceTree = "<group>"; };
		5F2DCFD1E168D51C7B58A07E /* NuFinder.entitlements */ = {isa = PBXFileReference; includeInIndex = 1; lastKnownFileType = text.plist.entitlements; path = NuFinder.entitlements; sourceTree = "<group>"; };
		5FC89AF1233A12BAF433A00C /* NuFinderApp.swift */ = {isa = PBXFileReference; includeInIndex = 1; lastKnownFileType = sourcecode.swift; path = NuFinderApp.swift; sourceTree = "<group>"; };
		68AAF29B6542722CAA512491 /* Cocoa.framework */ = {isa = PBXFileReference; lastKnownFileType = wrapper.framework; name = Cocoa.framework; path = Platforms/MacOSX.platform/Developer/SDKs/MacOSX15.0.sdk/System/Library/Frameworks/Cocoa.framework; sourceTree = DEVELOPER_DIR; };
		7943808C6E9906786BFC0811 /* ContentView.swift */ = {isa = PBXFileReference; includeInIndex = 1; lastKnownFileType = sourcecode.swift; name = ContentView.swift; path = Views/ContentView.swift; sourceTree = "<group>"; };
		88705952AE85FF04ED3E8468 /* TransferDetailsView.swift */ = {isa = PBXFileReference; includeInIndex = 1; lastKnownFileType = sourcecode.swift; name = TransferDetailsView.swift; path = Views/TransferDetailsView.swift; sourceTree = "<group>"; };
		9B1CF0094F49EE15A6DAB7B8 /* FileActionService.swift */ = {isa = PBXFileReference; includeInIndex = 1; lastKnownFileType = sourcecode.swift; name = FileActionService.swift; path = Services/FileActionService.swift; sourceTree = "<group>"; };
		A121D502EB569C195AB34152 /* ChunkedFileCopier.swift */ = {isa = PBXFileReference; includeInIndex = 1; lastKnownFileType = sourcecode.swift; name = ChunkedFileCopier.swift; path = Services/ChunkedFileCopier.swift; sourceTree = "<group>"; };
		B27656AB3BCC88B2DA5DFCB2 /* App-Info.plist */ = {isa = PBXFileReference; includeInIndex = 1; lastKnownFileType = text.plist.xml; path = "App-Info.plist"; sourceTree = "<group>"; };
		C27CFD62F9AD6461D2CDBFC2 /* FinderSync-Info.plist */ = {isa = PBXFileReference; includeInIndex = 1; lastKnownFileType = text.plist.xml; path = "FinderSync-Info.plist"; sourceTree = "<group>"; };
		C30657DA71F9F01A67350EF6 /* AddressBarView.swift */ = {isa = PBXFileReference; includeInIndex = 1; lastKnownFileType = sourcecode.swift; name = AddressBarView.swift; path = Views/AddressBarView.swift; sourceTree = "<group>"; };
		D2BCDD2777CBD605F77AF29E /* AddressBarRow.swift */ = {isa = PBXFileReference; includeInIndex = 1; lastKnownFileType = sourcecode.swift; name = AddressBarRow.swift; path = Views/AddressBarRow.swift; sourceTree = "<group>"; };
		D6F0C7005FC0BB542D8E0235 /* QuickLookService.swift */ = {isa = PBXFileReference; includeInIndex = 1; lastKnownFileType = sourcecode.swift; name = QuickLookService.swift; path = Services/QuickLookService.swift; sourceTree = "<group>"; };
		E1D1CA0955C9BCDD1762C75B /* FileMetadataService.swift */ = {isa = PBXFileReference; includeInIndex = 1; lastKnownFileType = sourcecode.swift; name = FileMetadataService.swift; path = Services/FileMetadataService.swift; sourceTree = "<group>"; };
		E82EC762F715A5203EF50769 /* FileOperationManager.swift */ = {isa = PBXFileReference; includeInIndex = 1; lastKnownFileType = sourcecode.swift; name = FileOperationManager.swift; path = Services/FileOperationManager.swift; sourceTree = "<group>"; };
		EC2D502DDFDBC36DE3B6F0D3 /* SidebarView.swift */ = {isa = PBXFileReference; includeInIndex = 1; lastKnownFileType = sourcecode.swift; name = SidebarView.swift; path = Views/SidebarView.swift; sourceTree = "<group>"; };
		F476626C179FC20458BA804A /* MetadataEditorView.swift */ = {isa = PBXFileReference; includeInIndex = 1; lastKnownFileType = sourcecode.swift; name = MetadataEditorView.swift; path = Views/MetadataEditorView.swift; sourceTree = "<group>"; };
		FD253209653D24672DFDBF89 /* SortMenu.swift */ = {isa = PBXFileReference; includeInIndex = 1; lastKnownFileType = sourcecode.swift; name = SortMenu.swift; path = Views/SortMenu.swift; sourceTree = "<group>"; };
		FDD0911126028AA5C969D9E0 /* NuFinder.app */ = {isa = PBXFileReference; explicitFileType = wrapper.application; includeInIndex = 0; path = NuFinder.app; sourceTree = BUILT_PRODUCTS_DIR; };
/* End PBXFileReference section */

/* Begin PBXFrameworksBuildPhase section */
		9DDFA398C5D7FFB7D63BB95E /* Frameworks */ = {
			isa = PBXFrameworksBuildPhase;
			buildActionMask = 2147483647;
			files = (
				A61D5609FBA26CA6E1D9FDD0 /* Cocoa.framework in Frameworks */,
			);
			runOnlyForDeploymentPostprocessing = 0;
		};
		D3153C7D745EFF724E1FA91D /* Frameworks */ = {
			isa = PBXFrameworksBuildPhase;
			buildActionMask = 2147483647;
			files = (
				1A51AA4C2B074746F7F7B378 /* Cocoa.framework in Frameworks */,
			);
			runOnlyForDeploymentPostprocessing = 0;
		};
/* End PBXFrameworksBuildPhase section */

/* Begin PBXGroup section */
		0CD6CE2D58A058E97A4B8069 /* Sources */ = {
			isa = PBXGroup;
			children = (
				542BC8818D4C41E5F44C69DF /* BrowserModel.swift */,
				4F6B129CF5F87547892E1614 /* FileItem.swift */,
				5FC89AF1233A12BAF433A00C /* NuFinderApp.swift */,
				A121D502EB569C195AB34152 /* ChunkedFileCopier.swift */,
				3B967DC22A42CB8633744135 /* DirectoryWatcher.swift */,
				9B1CF0094F49EE15A6DAB7B8 /* FileActionService.swift */,
				E1D1CA0955C9BCDD1762C75B /* FileMetadataService.swift */,
				E82EC762F715A5203EF50769 /* FileOperationManager.swift */,
				53E61DE0E76D6F2F0D6071BD /* FinderSyncBridge.swift */,
				1D6CA13FF3A31DC9487C726E /* OperationJournal.swift */,
				D6F0C7005FC0BB542D8E0235 /* QuickLookService.swift */,
				594B883E2239E793CBCD6C1E /* SpotlightSearchService.swift */,
				2F8E7CEE2B2FD8D6B0D4F33B /* TerminalService.swift */,
				1FD5556D842390C0FD87D21C /* WindowService.swift */,
				D2BCDD2777CBD605F77AF29E /* AddressBarRow.swift */,
				C30657DA71F9F01A67350EF6 /* AddressBarView.swift */,
				088B4FA5D5DB24661501FE23 /* BreadcrumbView.swift */,
				7943808C6E9906786BFC0811 /* ContentView.swift */,
				457379A6F06D49D78FC9EC79 /* FileInfoView.swift */,
				00EDCAC1799B3A27BCC1CFA1 /* FileListView.swift */,
				F476626C179FC20458BA804A /* MetadataEditorView.swift */,
				096B72D5E7C4C4D0D9F63B3F /* SearchBarView.swift */,
				4D188A70914DC1D3D768C452 /* SettingsView.swift */,
				EC2D502DDFDBC36DE3B6F0D3 /* SidebarView.swift */,
				FD253209653D24672DFDBF89 /* SortMenu.swift */,
				35A07AC8A6D64245D12B0E2E /* TabBarView.swift */,
				88705952AE85FF04ED3E8468 /* TransferDetailsView.swift */,
			);
			name = Sources;
			path = Sources/NuFinder;
			sourceTree = "<group>";
		};
		11B55C5E2A757F4B859961C0 /* Config */ = {
			isa = PBXGroup;
			children = (
				B27656AB3BCC88B2DA5DFCB2 /* App-Info.plist */,
				5F2DCFD1E168D51C7B58A07E /* NuFinder.entitlements */,
				C27CFD62F9AD6461D2CDBFC2 /* FinderSync-Info.plist */,
				514A0BB18D5C9A101141AE56 /* FinderSync.entitlements */,
			);
			name = Config;
			path = Config;
			sourceTree = "<group>";
		};
		78BB4B39778B8958EF2D2952 /* Frameworks */ = {
			isa = PBXGroup;
			children = (
				9EC5A9167E06C640B74D493E /* OS X */,
			);
			name = Frameworks;
			sourceTree = "<group>";
		};
		991C927212F2EDC148EF07B8 = {
			isa = PBXGroup;
			children = (
				B4934F4328C811D4057646BB /* Products */,
				78BB4B39778B8958EF2D2952 /* Frameworks */,
				0CD6CE2D58A058E97A4B8069 /* Sources */,
				F468354DDDA8F076735A86AB /* FinderSyncExtension */,
				11B55C5E2A757F4B859961C0 /* Config */,
			);
			sourceTree = "<group>";
		};
		9EC5A9167E06C640B74D493E /* OS X */ = {
			isa = PBXGroup;
			children = (
				68AAF29B6542722CAA512491 /* Cocoa.framework */,
			);
			name = "OS X";
			sourceTree = "<group>";
		};
		B4934F4328C811D4057646BB /* Products */ = {
			isa = PBXGroup;
			children = (
				FDD0911126028AA5C969D9E0 /* NuFinder.app */,
				3608AC687442C603DD9E48A0 /* NuFinderFinderSync.appex */,
			);
			name = Products;
			sourceTree = "<group>";
		};
		F468354DDDA8F076735A86AB /* FinderSyncExtension */ = {
			isa = PBXGroup;
			children = (
				424C9F49662D49D9E1C3C581 /* FinderSyncExtension.swift */,
			);
			name = FinderSyncExtension;
			path = FinderSyncExtension;
			sourceTree = "<group>";
		};
/* End PBXGroup section */

/* Begin PBXNativeTarget section */
		25DD0179FAF3ED6F59D0EA0E /* NuFinderFinderSync */ = {
			isa = PBXNativeTarget;
			buildConfigurationList = C2314EB18B0B124F3CF89C0A /* Build configuration list for PBXNativeTarget "NuFinderFinderSync" */;
			buildPhases = (
				7E87B23C884E1933D573EF91 /* Sources */,
				9DDFA398C5D7FFB7D63BB95E /* Frameworks */,
				538201A362B79A6682253F1A /* Resources */,
			);
			buildRules = (
			);
			dependencies = (
			);
			name = NuFinderFinderSync;
			productName = NuFinderFinderSync;
			productReference = 3608AC687442C603DD9E48A0 /* NuFinderFinderSync.appex */;
			productType = "com.apple.product-type.app-extension";
		};
		7C0E605102AD3DA949D96AAF /* NuFinder */ = {
			isa = PBXNativeTarget;
			buildConfigurationList = 5B148FE8C1153F106BD7BAE6 /* Build configuration list for PBXNativeTarget "NuFinder" */;
			buildPhases = (
				4A12DBEC09389131761A0456 /* Sources */,
				D3153C7D745EFF724E1FA91D /* Frameworks */,
				97264BB260FB3D3A487FD4D7 /* Resources */,
				BD783C8187D0E24280C63A02 /* Embed App Extensions */,
			);
			buildRules = (
			);
			dependencies = (
				5FBA5386FF69B09887B32146 /* PBXTargetDependency */,
			);
			name = NuFinder;
			productName = NuFinder;
			productReference = FDD0911126028AA5C969D9E0 /* NuFinder.app */;
			productType = "com.apple.product-type.application";
		};
/* End PBXNativeTarget section */

/* Begin PBXProject section */
		6FB894F3AF28A2E084226916 /* Project object */ = {
			isa = PBXProject;
			attributes = {
				LastSwiftUpdateCheck = 1600;
				LastUpgradeCheck = 1600;
			};
			buildConfigurationList = 92A3E73937F510E557F2B940 /* Build configuration list for PBXProject "NuFinder" */;
			compatibilityVersion = "Xcode 3.2";
			developmentRegion = en;
			hasScannedForEncodings = 0;
			knownRegions = (
				en,
				Base,
			);
			mainGroup = 991C927212F2EDC148EF07B8;
			minimizedProjectReferenceProxies = 0;
			preferredProjectObjectVersion = 77;
			productRefGroup = B4934F4328C811D4057646BB /* Products */;
			projectDirPath = "";
			projectRoot = "";
			targets = (
				7C0E605102AD3DA949D96AAF /* NuFinder */,
				25DD0179FAF3ED6F59D0EA0E /* NuFinderFinderSync */,
			);
		};
/* End PBXProject section */

/* Begin PBXResourcesBuildPhase section */
		538201A362B79A6682253F1A /* Resources */ = {
			isa = PBXResourcesBuildPhase;
			buildActionMask = 2147483647;
			files = (
			);
			runOnlyForDeploymentPostprocessing = 0;
		};
		97264BB260FB3D3A487FD4D7 /* Resources */ = {
			isa = PBXResourcesBuildPhase;
			buildActionMask = 2147483647;
			files = (
			);
			runOnlyForDeploymentPostprocessing = 0;
		};
/* End PBXResourcesBuildPhase section */

/* Begin PBXSourcesBuildPhase section */
		4A12DBEC09389131761A0456 /* Sources */ = {
			isa = PBXSourcesBuildPhase;
			buildActionMask = 2147483647;
			files = (
				0FA775088FD51E0D588935F6 /* BrowserModel.swift in Sources */,
				02E7F1C5CC8C313041569B83 /* FileItem.swift in Sources */,
				FFDCF5716625905DD2969705 /* NuFinderApp.swift in Sources */,
				8B452F3872B684B6D7F31313 /* ChunkedFileCopier.swift in Sources */,
				41F4D484918A0E485BA2A4C9 /* DirectoryWatcher.swift in Sources */,
				4D34E11C6B291F190F770EC0 /* FileActionService.swift in Sources */,
				D9F8D8D7889192942E18A36D /* FileMetadataService.swift in Sources */,
				3851D02F1D5D2F8FE5BBCE5C /* FileOperationManager.swift in Sources */,
				1D0C8D66A94E1EBC9C565F0B /* FinderSyncBridge.swift in Sources */,
				61BAF9A53E54A3805750E74B /* OperationJournal.swift in Sources */,
				B6405826CBB6F86E85A73735 /* QuickLookService.swift in Sources */,
				60E691CCAB46DBABE34F0018 /* SpotlightSearchService.swift in Sources */,
				A21B8B614060D212295FB852 /* TerminalService.swift in Sources */,
				DF87E7BF89C499D978E8E96E /* WindowService.swift in Sources */,
				142A375913DDEC455194A873 /* AddressBarRow.swift in Sources */,
				8D6357C65A72803A8F0C4BE6 /* AddressBarView.swift in Sources */,
				27779AB837EE935FA46A2B8F /* BreadcrumbView.swift in Sources */,
				20B000CEA9A00B9D98220BB6 /* ContentView.swift in Sources */,
				6C2AFFE7926491E198B2B818 /* FileInfoView.swift in Sources */,
				1757BF8B63DC7C07B5E45C29 /* FileListView.swift in Sources */,
				4DD0FB4E9A734156ECA51661 /* MetadataEditorView.swift in Sources */,
				C4D2917F31DBBCB21F54D01B /* SearchBarView.swift in Sources */,
				CD7C6C43539C830C119D1700 /* SettingsView.swift in Sources */,
				3E18BE37133076D2BB9D0DD2 /* SidebarView.swift in Sources */,
				B6616E05CA335C172291D2A2 /* SortMenu.swift in Sources */,
				294EB901847D72D4D3EB3C56 /* TabBarView.swift in Sources */,
				E5566AC6202A4256970F2261 /* TransferDetailsView.swift in Sources */,
			);
			runOnlyForDeploymentPostprocessing = 0;
		};
		7E87B23C884E1933D573EF91 /* Sources */ = {
			isa = PBXSourcesBuildPhase;
			buildActionMask = 2147483647;
			files = (
				6281B05305AC1A9A33AE74BF /* FinderSyncExtension.swift in Sources */,
			);
			runOnlyForDeploymentPostprocessing = 0;
		};
/* End PBXSourcesBuildPhase section */

/* Begin PBXTargetDependency section */
		5FBA5386FF69B09887B32146 /* PBXTargetDependency */ = {
			isa = PBXTargetDependency;
			name = NuFinderFinderSync;
			target = 25DD0179FAF3ED6F59D0EA0E /* NuFinderFinderSync */;
			targetProxy = E00735DFDBE2B7F401E6F199 /* PBXContainerItemProxy */;
		};
/* End PBXTargetDependency section */

/* Begin XCBuildConfiguration section */
		1BE00F79409C6D3A7E857A93 /* Release */ = {
			isa = XCBuildConfiguration;
			buildSettings = {
				ALWAYS_SEARCH_USER_PATHS = NO;
				CLANG_ANALYZER_NONNULL = YES;
				CLANG_ANALYZER_NUMBER_OBJECT_CONVERSION = YES_AGGRESSIVE;
				CLANG_CXX_LANGUAGE_STANDARD = "gnu++14";
				CLANG_CXX_LIBRARY = "libc++";
				CLANG_ENABLE_MODULES = YES;
				CLANG_ENABLE_OBJC_ARC = YES;
				CLANG_ENABLE_OBJC_WEAK = YES;
				CLANG_WARN_BLOCK_CAPTURE_AUTORELEASING = YES;
				CLANG_WARN_BOOL_CONVERSION = YES;
				CLANG_WARN_COMMA = YES;
				CLANG_WARN_CONSTANT_CONVERSION = YES;
				CLANG_WARN_DEPRECATED_OBJC_IMPLEMENTATIONS = YES;
				CLANG_WARN_DIRECT_OBJC_ISA_USAGE = YES_ERROR;
				CLANG_WARN_DOCUMENTATION_COMMENTS = YES;
				CLANG_WARN_EMPTY_BODY = YES;
				CLANG_WARN_ENUM_CONVERSION = YES;
				CLANG_WARN_INFINITE_RECURSION = YES;
				CLANG_WARN_INT_CONVERSION = YES;
				CLANG_WARN_NON_LITERAL_NULL_CONVERSION = YES;
				CLANG_WARN_OBJC_IMPLICIT_RETAIN_SELF = YES;
				CLANG_WARN_OBJC_LITERAL_CONVERSION = YES;
				CLANG_WARN_OBJC_ROOT_CLASS = YES_ERROR;
				CLANG_WARN_QUOTED_INCLUDE_IN_FRAMEWORK_HEADER = YES;
				CLANG_WARN_RANGE_LOOP_ANALYSIS = YES;
				CLANG_WARN_STRICT_PROTOTYPES = YES;
				CLANG_WARN_SUSPICIOUS_MOVE = YES;
				CLANG_WARN_UNGUARDED_AVAILABILITY = YES_AGGRESSIVE;
				CLANG_WARN_UNREACHABLE_CODE = YES;
				CLANG_WARN__DUPLICATE_METHOD_MATCH = YES;
				COPY_PHASE_STRIP = NO;
				DEBUG_INFORMATION_FORMAT = "dwarf-with-dsym";
				ENABLE_NS_ASSERTIONS = NO;
				ENABLE_STRICT_OBJC_MSGSEND = YES;
				GCC_C_LANGUAGE_STANDARD = gnu11;
				GCC_NO_COMMON_BLOCKS = YES;
				GCC_WARN_64_TO_32_BIT_CONVERSION = YES;
				GCC_WARN_ABOUT_RETURN_TYPE = YES_ERROR;
				GCC_WARN_UNDECLARED_SELECTOR = YES;
				GCC_WARN_UNINITIALIZED_AUTOS = YES_AGGRESSIVE;
				GCC_WARN_UNUSED_FUNCTION = YES;
				GCC_WARN_UNUSED_VARIABLE = YES;
				MTL_ENABLE_DEBUG_INFO = NO;
				MTL_FAST_MATH = YES;
				PRODUCT_NAME = "$(TARGET_NAME)";
				SWIFT_COMPILATION_MODE = wholemodule;
				SWIFT_OPTIMIZATION_LEVEL = "-O";
				SWIFT_VERSION = 5.0;
			};
			name = Release;
		};
		526BF7D896E597DC92F72F26 /* Release */ = {
			isa = XCBuildConfiguration;
			buildSettings = {
				ASSETCATALOG_COMPILER_APPICON_NAME = AppIcon;
				ASSETCATALOG_COMPILER_GLOBAL_ACCENT_COLOR_NAME = AccentColor;
				CODE_SIGN_ENTITLEMENTS = Config/NuFinder.entitlements;
				CODE_SIGN_STYLE = Automatic;
				COMBINE_HIDPI_IMAGES = YES;
				DEVELOPMENT_TEAM = FLJNW3455S;
				ENABLE_HARDENED_RUNTIME = YES;
				INFOPLIST_FILE = "Config/App-Info.plist";
				LD_RUNPATH_SEARCH_PATHS = "$(inherited) @executable_path/../Frameworks";
				MACOSX_DEPLOYMENT_TARGET = 15.0;
				PRODUCT_BUNDLE_IDENTIFIER = com.miguelrodriguez.NuFinder;
				PRODUCT_NAME = NuFinder;
				SDKROOT = macosx;
				SWIFT_VERSION = 6.0;
			};
			name = Release;
		};
		8B77AD103825A45BCBCCBB84 /* Debug */ = {
			isa = XCBuildConfiguration;
			buildSettings = {
				ALWAYS_SEARCH_USER_PATHS = NO;
				CLANG_ANALYZER_NONNULL = YES;
				CLANG_ANALYZER_NUMBER_OBJECT_CONVERSION = YES_AGGRESSIVE;
				CLANG_CXX_LANGUAGE_STANDARD = "gnu++14";
				CLANG_CXX_LIBRARY = "libc++";
				CLANG_ENABLE_MODULES = YES;
				CLANG_ENABLE_OBJC_ARC = YES;
				CLANG_ENABLE_OBJC_WEAK = YES;
				CLANG_WARN_BLOCK_CAPTURE_AUTORELEASING = YES;
				CLANG_WARN_BOOL_CONVERSION = YES;
				CLANG_WARN_COMMA = YES;
				CLANG_WARN_CONSTANT_CONVERSION = YES;
				CLANG_WARN_DEPRECATED_OBJC_IMPLEMENTATIONS = YES;
				CLANG_WARN_DIRECT_OBJC_ISA_USAGE = YES_ERROR;
				CLANG_WARN_DOCUMENTATION_COMMENTS = YES;
				CLANG_WARN_EMPTY_BODY = YES;
				CLANG_WARN_ENUM_CONVERSION = YES;
				CLANG_WARN_INFINITE_RECURSION = YES;
				CLANG_WARN_INT_CONVERSION = YES;
				CLANG_WARN_NON_LITERAL_NULL_CONVERSION = YES;
				CLANG_WARN_OBJC_IMPLICIT_RETAIN_SELF = YES;
				CLANG_WARN_OBJC_LITERAL_CONVERSION = YES;
				CLANG_WARN_OBJC_ROOT_CLASS = YES_ERROR;
				CLANG_WARN_QUOTED_INCLUDE_IN_FRAMEWORK_HEADER = YES;
				CLANG_WARN_RANGE_LOOP_ANALYSIS = YES;
				CLANG_WARN_STRICT_PROTOTYPES = YES;
				CLANG_WARN_SUSPICIOUS_MOVE = YES;
				CLANG_WARN_UNGUARDED_AVAILABILITY = YES_AGGRESSIVE;
				CLANG_WARN_UNREACHABLE_CODE = YES;
				CLANG_WARN__DUPLICATE_METHOD_MATCH = YES;
				COPY_PHASE_STRIP = NO;
				DEBUG_INFORMATION_FORMAT = dwarf;
				ENABLE_STRICT_OBJC_MSGSEND = YES;
				ENABLE_TESTABILITY = YES;
				GCC_C_LANGUAGE_STANDARD = gnu11;
				GCC_DYNAMIC_NO_PIC = NO;
				GCC_NO_COMMON_BLOCKS = YES;
				GCC_OPTIMIZATION_LEVEL = 0;
				GCC_PREPROCESSOR_DEFINITIONS = (
					"DEBUG=1",
					"$(inherited)",
				);
				GCC_WARN_64_TO_32_BIT_CONVERSION = YES;
				GCC_WARN_ABOUT_RETURN_TYPE = YES_ERROR;
				GCC_WARN_UNDECLARED_SELECTOR = YES;
				GCC_WARN_UNINITIALIZED_AUTOS = YES_AGGRESSIVE;
				GCC_WARN_UNUSED_FUNCTION = YES;
				GCC_WARN_UNUSED_VARIABLE = YES;
				MTL_ENABLE_DEBUG_INFO = INCLUDE_SOURCE;
				MTL_FAST_MATH = YES;
				ONLY_ACTIVE_ARCH = YES;
				PRODUCT_NAME = "$(TARGET_NAME)";
				SWIFT_ACTIVE_COMPILATION_CONDITIONS = DEBUG;
				SWIFT_OPTIMIZATION_LEVEL = "-Onone";
				SWIFT_VERSION = 5.0;
			};
			name = Debug;
		};
		8BE7AB015E43733AA51720C6 /* Debug */ = {
			isa = XCBuildConfiguration;
			buildSettings = {
				CODE_SIGN_ENTITLEMENTS = Config/FinderSync.entitlements;
				CODE_SIGN_STYLE = Automatic;
				DEVELOPMENT_TEAM = FLJNW3455S;
				ENABLE_HARDENED_RUNTIME = YES;
				INFOPLIST_FILE = "Config/FinderSync-Info.plist";
				MACOSX_DEPLOYMENT_TARGET = 15.0;
				PRODUCT_BUNDLE_IDENTIFIER = com.miguelrodriguez.NuFinder.FinderSync;
				PRODUCT_NAME = NuFinderFinderSync;
				SDKROOT = macosx;
				SKIP_INSTALL = YES;
				SWIFT_VERSION = 6.0;
			};
			name = Debug;
		};
		C74F6EA13D7D160C2DD74A31 /* Release */ = {
			isa = XCBuildConfiguration;
			buildSettings = {
				CODE_SIGN_ENTITLEMENTS = Config/FinderSync.entitlements;
				CODE_SIGN_STYLE = Automatic;
				DEVELOPMENT_TEAM = FLJNW3455S;
				ENABLE_HARDENED_RUNTIME = YES;
				INFOPLIST_FILE = "Config/FinderSync-Info.plist";
				MACOSX_DEPLOYMENT_TARGET = 15.0;
				PRODUCT_BUNDLE_IDENTIFIER = com.miguelrodriguez.NuFinder.FinderSync;
				PRODUCT_NAME = NuFinderFinderSync;
				SDKROOT = macosx;
				SKIP_INSTALL = YES;
				SWIFT_VERSION = 6.0;
			};
			name = Release;
		};
		DFB3BA8EA63B3402E0BCEB0E /* Debug */ = {
			isa = XCBuildConfiguration;
			buildSettings = {
				ASSETCATALOG_COMPILER_APPICON_NAME = AppIcon;
				ASSETCATALOG_COMPILER_GLOBAL_ACCENT_COLOR_NAME = AccentColor;
				CODE_SIGN_ENTITLEMENTS = Config/NuFinder.entitlements;
				CODE_SIGN_STYLE = Automatic;
				COMBINE_HIDPI_IMAGES = YES;
				DEVELOPMENT_TEAM = FLJNW3455S;
				ENABLE_HARDENED_RUNTIME = YES;
				INFOPLIST_FILE = "Config/App-Info.plist";
				LD_RUNPATH_SEARCH_PATHS = "$(inherited) @executable_path/../Frameworks";
				MACOSX_DEPLOYMENT_TARGET = 15.0;
				PRODUCT_BUNDLE_IDENTIFIER = com.miguelrodriguez.NuFinder;
				PRODUCT_NAME = NuFinder;
				SDKROOT = macosx;
				SWIFT_VERSION = 6.0;
			};
			name = Debug;
		};
/* End XCBuildConfiguration section */

/* Begin XCConfigurationList section */
		5B148FE8C1153F106BD7BAE6 /* Build configuration list for PBXNativeTarget "NuFinder" */ = {
			isa = XCConfigurationList;
			buildConfigurations = (
				526BF7D896E597DC92F72F26 /* Release */,
				DFB3BA8EA63B3402E0BCEB0E /* Debug */,
			);
			defaultConfigurationIsVisible = 0;
			defaultConfigurationName = Release;
		};
		92A3E73937F510E557F2B940 /* Build configuration list for PBXProject "NuFinder" */ = {
			isa = XCConfigurationList;
			buildConfigurations = (
				8B77AD103825A45BCBCCBB84 /* Debug */,
				1BE00F79409C6D3A7E857A93 /* Release */,
			);
			defaultConfigurationIsVisible = 0;
			defaultConfigurationName = Release;
		};
		C2314EB18B0B124F3CF89C0A /* Build configuration list for PBXNativeTarget "NuFinderFinderSync" */ = {
			isa = XCConfigurationList;
			buildConfigurations = (
				C74F6EA13D7D160C2DD74A31 /* Release */,
				8BE7AB015E43733AA51720C6 /* Debug */,
			);
			defaultConfigurationIsVisible = 0;
			defaultConfigurationName = Release;
		};
/* End XCConfigurationList section */
	};
	rootObject = 6FB894F3AF28A2E084226916 /* Project object */;
}
